{
  "version": 4,
  "terraform_version": "1.0.7",
  "serial": 299,
  "lineage": "9144a0bd-0dcf-7c2f-86f7-77195196c8fb",
  "outputs": {
    "bigip_password": {
      "value": [
        "RQf4G22W3J3NPmsN"
      ],
      "type": [
        "tuple",
        [
          "string"
        ]
      ]
    },
    "f5_username": {
      "value": [
        "bigipuser"
      ],
      "type": [
        "tuple",
        [
          "string"
        ]
      ]
    },
    "mgmtPort": {
      "value": [
        "8443"
      ],
      "type": [
        "tuple",
        [
          "string"
        ]
      ]
    },
    "mgmtPublicDNS": {
      "value": [
        [
          "ec2-54-202-43-187.us-west-2.compute.amazonaws.com"
        ]
      ],
      "type": [
        "tuple",
        [
          [
            "tuple",
            [
              "string"
            ]
          ]
        ]
      ]
    },
    "mgmtPublicIP": {
      "value": [
        [
          "54.202.43.187"
        ]
      ],
      "type": [
        "tuple",
        [
          [
            "tuple",
            [
              "string"
            ]
          ]
        ]
      ]
    },
    "mgmtPublicURL": {
      "value": [
        "https://ec2-54-202-43-187.us-west-2.compute.amazonaws.com:8443"
      ],
      "type": [
        "list",
        "string"
      ]
    },
    "private_addresses": {
      "value": [
        {
          "external_private": {
            "private_ip": [],
            "private_ips": []
          },
          "internal_private": {
            "private_ip": [],
            "private_ips": []
          },
          "mgmt_private": {
            "private_ip": [
              "10.0.1.163"
            ],
            "private_ips": [
              [
                "10.0.1.163"
              ]
            ]
          },
          "public_private": {
            "private_ip": [],
            "private_ips": []
          }
        }
      ],
      "type": [
        "tuple",
        [
          [
            "object",
            {
              "external_private": [
                "object",
                {
                  "private_ip": [
                    "tuple",
                    []
                  ],
                  "private_ips": [
                    "tuple",
                    []
                  ]
                }
              ],
              "internal_private": [
                "object",
                {
                  "private_ip": [
                    "tuple",
                    []
                  ],
                  "private_ips": [
                    "tuple",
                    []
                  ]
                }
              ],
              "mgmt_private": [
                "object",
                {
                  "private_ip": [
                    "list",
                    "string"
                  ],
                  "private_ips": [
                    "list",
                    [
                      "set",
                      "string"
                    ]
                  ]
                }
              ],
              "public_private": [
                "object",
                {
                  "private_ip": [
                    "tuple",
                    []
                  ],
                  "private_ips": [
                    "tuple",
                    []
                  ]
                }
              ]
            }
          ]
        ]
      ]
    },
    "public_addresses": {
      "value": [
        {
          "external_primary_public": [],
          "external_secondary_public": []
        }
      ],
      "type": [
        "tuple",
        [
          [
            "object",
            {
              "external_primary_public": [
                "tuple",
                []
              ],
              "external_secondary_public": [
                "tuple",
                []
              ]
            }
          ]
        ]
      ]
    },
    "vpc_id": {
      "value": "vpc-02a0a550ef4d0d6d8",
      "type": "string"
    }
  },
  "resources": [
    {
      "mode": "managed",
      "type": "aws_iam_instance_profile",
      "name": "instance_profile",
      "provider": "provider[\"registry.terraform.io/hashicorp/aws\"]",
      "instances": [
        {
          "schema_version": 0,
          "attributes": {
            "arn": "arn:aws:iam::793515189053:instance-profile/tf-aws-bigip-iam-profile-3205",
            "create_date": "2021-10-28T13:54:10Z",
            "id": "tf-aws-bigip-iam-profile-3205",
            "name": "tf-aws-bigip-iam-profile-3205",
            "name_prefix": null,
            "path": "/",
            "role": "tf-aws-bigip-iam-role-3205",
            "tags": null,
            "tags_all": {},
            "unique_id": "AIPA3RQJQ4M6YJF55Q6EN"
          },
          "sensitive_attributes": [],
          "private": "bnVsbA==",
          "dependencies": [
            "aws_iam_role.main",
            "random_id.id"
          ]
        }
      ]
    },
    {
      "mode": "managed",
      "type": "aws_iam_role",
      "name": "main",
      "provider": "provider[\"registry.terraform.io/hashicorp/aws\"]",
      "instances": [
        {
          "schema_version": 0,
          "attributes": {
            "arn": "arn:aws:iam::793515189053:role/tf-aws-bigip-iam-role-3205",
            "assume_role_policy": "{\"Version\":\"2012-10-17\",\"Statement\":[{\"Sid\":\"\",\"Effect\":\"Allow\",\"Principal\":{\"Service\":\"ec2.amazonaws.com\"},\"Action\":\"sts:AssumeRole\"}]}",
            "create_date": "2021-10-28T13:54:05Z",
            "description": "",
            "force_detach_policies": false,
            "id": "tf-aws-bigip-iam-role-3205",
            "inline_policy": [
              {
                "name": "",
                "policy": ""
              }
            ],
            "managed_policy_arns": [],
            "max_session_duration": 3600,
            "name": "tf-aws-bigip-iam-role-3205",
            "name_prefix": "",
            "path": "/",
            "permissions_boundary": null,
            "tags": null,
            "tags_all": {},
            "unique_id": "AROA3RQJQ4M64ZNWFGO4B"
          },
          "sensitive_attributes": [],
          "private": "bnVsbA==",
          "dependencies": [
            "random_id.id"
          ]
        }
      ]
    },
    {
      "mode": "managed",
      "type": "aws_iam_role_policy",
      "name": "BigIpPolicy",
      "provider": "provider[\"registry.terraform.io/hashicorp/aws\"]",
      "instances": [
        {
          "schema_version": 0,
          "attributes": {
            "id": "tf-aws-bigip-iam-role-3205:terraform-20211028135430132200000001",
            "name": "terraform-20211028135430132200000001",
            "name_prefix": null,
            "policy": "{\n  \"Version\": \"2012-10-17\",\n  \"Statement\": [\n    {\n        \"Action\": [\n            \"ec2:DescribeInstances\",\n            \"ec2:DescribeInstanceStatus\",\n            \"ec2:DescribeAddresses\",\n            \"ec2:AssociateAddress\",\n            \"ec2:DisassociateAddress\",\n            \"ec2:DescribeNetworkInterfaces\",\n            \"ec2:DescribeNetworkInterfaceAttribute\",\n            \"ec2:DescribeRouteTables\",\n            \"ec2:ReplaceRoute\",\n            \"ec2:CreateRoute\",\n            \"ec2:assignprivateipaddresses\",\n            \"sts:AssumeRole\",\n            \"s3:ListAllMyBuckets\"\n        ],\n        \"Resource\": [\n            \"*\"\n        ],\n        \"Effect\": \"Allow\"\n    },\n    {\n        \"Effect\": \"Allow\",\n        \"Action\": [\n            \"secretsmanager:GetResourcePolicy\",\n            \"secretsmanager:GetSecretValue\",\n            \"secretsmanager:DescribeSecret\",\n            \"secretsmanager:ListSecretVersionIds\",\n            \"secretsmanager:UpdateSecretVersionStage\"\n        ],\n        \"Resource\": [\n            \"arn:aws:secretsmanager:us-west-2:793515189053:secret:*\"\n        ]\n    }\n  ]\n}\n",
            "role": "tf-aws-bigip-iam-role-3205"
          },
          "sensitive_attributes": [],
          "private": "bnVsbA==",
          "dependencies": [
            "aws_iam_role.main",
            "module.vpc.aws_vpc.this",
            "random_id.id"
          ]
        }
      ]
    },
    {
      "mode": "managed",
      "type": "aws_internet_gateway",
      "name": "gw",
      "provider": "provider[\"registry.terraform.io/hashicorp/aws\"]",
      "instances": [
        {
          "schema_version": 0,
          "attributes": {
            "arn": "arn:aws:ec2:us-west-2:793515189053:internet-gateway/igw-0e7090fec1ce3ca00",
            "id": "igw-0e7090fec1ce3ca00",
            "owner_id": "793515189053",
            "tags": {
              "Name": "default"
            },
            "tags_all": {
              "Name": "default"
            },
            "vpc_id": "vpc-02a0a550ef4d0d6d8"
          },
          "sensitive_attributes": [],
          "private": "bnVsbA==",
          "dependencies": [
            "module.vpc.aws_vpc.this",
            "random_id.id"
          ]
        }
      ]
    },
    {
      "mode": "managed",
      "type": "aws_key_pair",
      "name": "generated_key",
      "provider": "provider[\"registry.terraform.io/hashicorp/aws\"]",
      "instances": [
        {
          "schema_version": 1,
          "attributes": {
            "arn": "arn:aws:ec2:us-west-2:793515189053:key-pair/tf-aws-bigip-tf-demo-key-3205",
            "fingerprint": "9e:3e:f1:37:81:4c:7e:91:25:d2:2d:f9:e8:47:7b:df",
            "id": "tf-aws-bigip-tf-demo-key-3205",
            "key_name": "tf-aws-bigip-tf-demo-key-3205",
            "key_name_prefix": null,
            "key_pair_id": "key-06556830fa0451d99",
            "public_key": "ssh-rsa AAAAB3NzaC1yc2EAAAADAQABAAACAQDXb7FsFre9+eoyF0mwWADDfPYX29YE0UwufDcrth43SJdFBgwkYH8JNAMk1/tQ1SxOpvVvRIaEqq6eM6LN2EU/+Fkn37SY+q+H8Kl+cgUhXwlJ+n37jJOs3rxUk3axL6v+jcqhn0OLx1i7xH9ISMO2aIFYtB5HqXxvMALl0Zq78dM3cGCRsnhN+sngwuH2I0kFd5J39cBSBgGKwO/6nXZFe9GI79dbO3HVZdTpXgGAEWf1BfrvjUMn64iXOCzBLZFuZTwCpExY2iwqB3KQN5eUNDAxrvkXpLOe4naItjGP2q6vQ4j7J5oI45V1P8WB66HwL1cFKX5TmfdnfsUprPxkSgDUaNwtFRr/x6n6WZ395WedjGtWZIqpJNnghO9BUi4+wCSeYikilhgsfA30BgaWbE32E8kwwqmalu3qhNv7NVEgvSE9q9lnRHsOYV3ZJ1N3/KMYBS41yFLoiVzMQtZ84Oa6FZUHjimoXAM2M4vsdAPFHWSsBF+xWCIZH72NYIsmldjvYsqPdhzxAoLDd2v3g9IInNC3DK5TpklJXAxQBuOpy6CTFRJ1m7abzdpB9cCsaG16lovPPn0/wjk7jw2cb4CxuC+9rgqzparr9c1zlGweiXn0EkzIwJQAV7NvfkEV0LLrh6TbVsH9hOKUA0M81DAIoAKO23bmPr/ro5I/3Q==",
            "tags": null,
            "tags_all": {}
          },
          "sensitive_attributes": [],
          "private": "eyJzY2hlbWFfdmVyc2lvbiI6IjEifQ==",
          "dependencies": [
            "random_id.id",
            "tls_private_key.example"
          ]
        }
      ]
    },
    {
      "mode": "managed",
      "type": "aws_route_table",
      "name": "internet-gw",
      "provider": "provider[\"registry.terraform.io/hashicorp/aws\"]",
      "instances": [
        {
          "schema_version": 0,
          "attributes": {
            "arn": "arn:aws:ec2:us-west-2:793515189053:route-table/rtb-0f940f67ea69a186a",
            "id": "rtb-0f940f67ea69a186a",
            "owner_id": "793515189053",
            "propagating_vgws": [],
            "route": [
              {
                "carrier_gateway_id": "",
                "cidr_block": "0.0.0.0/0",
                "destination_prefix_list_id": "",
                "egress_only_gateway_id": "",
                "gateway_id": "igw-0e7090fec1ce3ca00",
                "instance_id": "",
                "ipv6_cidr_block": "",
                "local_gateway_id": "",
                "nat_gateway_id": "",
                "network_interface_id": "",
                "transit_gateway_id": "",
                "vpc_endpoint_id": "",
                "vpc_peering_connection_id": ""
              }
            ],
            "tags": null,
            "tags_all": {},
            "vpc_id": "vpc-02a0a550ef4d0d6d8"
          },
          "sensitive_attributes": [],
          "private": "bnVsbA==",
          "dependencies": [
            "aws_internet_gateway.gw",
            "module.vpc.aws_vpc.this",
            "random_id.id"
          ]
        }
      ]
    },
    {
      "mode": "managed",
      "type": "aws_route_table_association",
      "name": "route_table_mgmt",
      "provider": "provider[\"registry.terraform.io/hashicorp/aws\"]",
      "instances": [
        {
          "schema_version": 0,
          "attributes": {
            "gateway_id": "",
            "id": "rtbassoc-0e62e363e6c7c9999",
            "route_table_id": "rtb-0f940f67ea69a186a",
            "subnet_id": "subnet-03342ac758d3e5234"
          },
          "sensitive_attributes": [],
          "private": "bnVsbA==",
          "dependencies": [
            "aws_internet_gateway.gw",
            "aws_route_table.internet-gw",
            "aws_subnet.mgmt",
            "module.vpc.aws_vpc.this",
            "random_id.id"
          ]
        }
      ]
    },
    {
      "mode": "managed",
      "type": "aws_secretsmanager_secret",
      "name": "bigip",
      "provider": "provider[\"registry.terraform.io/hashicorp/aws\"]",
      "instances": [
        {
          "schema_version": 0,
          "attributes": {
            "arn": "arn:aws:secretsmanager:us-west-2:793515189053:secret:tf-aws-bigip-bigip-secret-3205-ZCC3XV",
            "description": "",
            "force_overwrite_replica_secret": false,
            "id": "arn:aws:secretsmanager:us-west-2:793515189053:secret:tf-aws-bigip-bigip-secret-3205-ZCC3XV",
            "kms_key_id": "",
            "name": "tf-aws-bigip-bigip-secret-3205",
            "name_prefix": null,
            "policy": null,
            "recovery_window_in_days": 30,
            "replica": [],
            "rotation_enabled": false,
            "rotation_lambda_arn": "",
            "rotation_rules": [],
            "tags": null,
            "tags_all": {}
          },
          "sensitive_attributes": [],
          "private": "bnVsbA==",
          "dependencies": [
            "random_id.id"
          ]
        }
      ]
    },
    {
      "mode": "managed",
      "type": "aws_secretsmanager_secret_version",
      "name": "bigip-pwd",
      "provider": "provider[\"registry.terraform.io/hashicorp/aws\"]",
      "instances": [
        {
          "schema_version": 0,
          "attributes": {
            "arn": "arn:aws:secretsmanager:us-west-2:793515189053:secret:tf-aws-bigip-bigip-secret-3205-ZCC3XV",
            "id": "arn:aws:secretsmanager:us-west-2:793515189053:secret:tf-aws-bigip-bigip-secret-3205-ZCC3XV|FE57C3E4-226A-4FE5-8EA0-EE8CF286E1D7",
            "secret_binary": "",
            "secret_id": "arn:aws:secretsmanager:us-west-2:793515189053:secret:tf-aws-bigip-bigip-secret-3205-ZCC3XV",
            "secret_string": "RQf4G22W3J3NPmsN",
            "version_id": "FE57C3E4-226A-4FE5-8EA0-EE8CF286E1D7",
            "version_stages": [
              "AWSCURRENT"
            ]
          },
          "sensitive_attributes": [],
          "private": "bnVsbA==",
          "dependencies": [
            "aws_secretsmanager_secret.bigip",
            "random_id.id",
            "random_string.password"
          ]
        }
      ]
    },
    {
      "mode": "managed",
      "type": "aws_subnet",
      "name": "mgmt",
      "provider": "provider[\"registry.terraform.io/hashicorp/aws\"]",
      "instances": [
        {
          "schema_version": 1,
          "attributes": {
            "arn": "arn:aws:ec2:us-west-2:793515189053:subnet/subnet-03342ac758d3e5234",
            "assign_ipv6_address_on_creation": false,
            "availability_zone": "us-west-2a",
            "availability_zone_id": "usw2-az2",
            "cidr_block": "10.0.1.0/24",
            "customer_owned_ipv4_pool": "",
            "id": "subnet-03342ac758d3e5234",
            "ipv6_cidr_block": "",
            "ipv6_cidr_block_association_id": "",
            "map_customer_owned_ip_on_launch": false,
            "map_public_ip_on_launch": false,
            "outpost_arn": "",
            "owner_id": "793515189053",
            "tags": {
              "Name": "management"
            },
            "tags_all": {
              "Name": "management"
            },
            "timeouts": null,
            "vpc_id": "vpc-02a0a550ef4d0d6d8"
          },
          "sensitive_attributes": [],
          "private": "eyJlMmJmYjczMC1lY2FhLTExZTYtOGY4OC0zNDM2M2JjN2M0YzAiOnsiY3JlYXRlIjo2MDAwMDAwMDAwMDAsImRlbGV0ZSI6MTIwMDAwMDAwMDAwMH0sInNjaGVtYV92ZXJzaW9uIjoiMSJ9",
          "dependencies": [
            "module.vpc.aws_vpc.this",
            "random_id.id"
          ]
        }
      ]
    },
    {
      "mode": "managed",
      "type": "null_resource",
      "name": "clusterDO",
      "provider": "provider[\"registry.terraform.io/hashicorp/null\"]",
      "instances": [
        {
          "index_key": 0,
          "schema_version": 0,
          "attributes": {
            "id": "1604960921304709099",
            "triggers": null
          },
          "sensitive_attributes": [],
          "private": "bnVsbA==",
          "dependencies": [
            "aws_key_pair.generated_key",
            "aws_subnet.mgmt",
            "module.bigip.aws_eip.ext-pub",
            "module.bigip.aws_eip.mgmt",
            "module.bigip.aws_eip.vip",
            "module.bigip.aws_instance.f5_bigip",
            "module.bigip.aws_network_interface.external_private",
            "module.bigip.aws_network_interface.external_private1",
            "module.bigip.aws_network_interface.mgmt",
            "module.bigip.aws_network_interface.mgmt1",
            "module.bigip.aws_network_interface.private",
            "module.bigip.aws_network_interface.private1",
            "module.bigip.aws_network_interface.public",
            "module.bigip.aws_network_interface.public1",
            "module.bigip.data.aws_ami.f5_ami",
            "module.bigip.data.aws_secretsmanager_secret.password",
            "module.bigip.data.aws_secretsmanager_secret_version.current",
            "module.bigip.data.template_file.clustermemberDO1",
            "module.bigip.data.template_file.clustermemberDO2",
            "module.bigip.data.template_file.clustermemberDO3",
            "module.bigip.data.template_file.user_data_vm0",
            "module.bigip.random_id.module_id",
            "module.bigip.random_string.dynamic_password",
            "module.mgmt-network-security-group.aws_security_group.this",
            "module.mgmt-network-security-group.aws_security_group.this_name_prefix",
            "module.vpc.aws_vpc.this",
            "random_id.id",
            "random_string.password",
            "tls_private_key.example"
          ]
        }
      ]
    },
    {
      "mode": "managed",
      "type": "random_id",
      "name": "id",
      "provider": "provider[\"registry.terraform.io/hashicorp/random\"]",
      "instances": [
        {
          "schema_version": 0,
          "attributes": {
            "b64_std": "MgU=",
            "b64_url": "MgU",
            "byte_length": 2,
            "dec": "12805",
            "hex": "3205",
            "id": "MgU",
            "keepers": null,
            "prefix": null
          },
          "sensitive_attributes": [],
          "private": "bnVsbA==",
          "create_before_destroy": true
        }
      ]
    },
    {
      "mode": "managed",
      "type": "random_string",
      "name": "password",
      "provider": "provider[\"registry.terraform.io/hashicorp/random\"]",
      "instances": [
        {
          "schema_version": 1,
          "attributes": {
            "id": "RQf4G22W3J3NPmsN",
            "keepers": null,
            "length": 16,
            "lower": true,
            "min_lower": 1,
            "min_numeric": 1,
            "min_special": 0,
            "min_upper": 1,
            "number": true,
            "override_special": null,
            "result": "RQf4G22W3J3NPmsN",
            "special": false,
            "upper": true
          },
          "sensitive_attributes": [],
          "private": "eyJzY2hlbWFfdmVyc2lvbiI6IjEifQ=="
        }
      ]
    },
    {
      "mode": "managed",
      "type": "tls_private_key",
      "name": "example",
      "provider": "provider[\"registry.terraform.io/hashicorp/tls\"]",
      "instances": [
        {
          "schema_version": 0,
          "attributes": {
            "algorithm": "RSA",
            "ecdsa_curve": "P224",
            "id": "d50008dc074de3e07fd61712c896b92cf8384b1f",
            "private_key_pem": "-----BEGIN RSA PRIVATE KEY-----\nMIIJKAIBAAKCAgEA12+xbBa3vfnqMhdJsFgAw3z2F9vWBNFMLnw3K7YeN0iXRQYM\nJGB/CTQDJNf7UNUsTqb1b0SGhKqunjOizdhFP/hZJ9+0mPqvh/CpfnIFIV8JSfp9\n+4yTrN68VJN2sS+r/o3KoZ9Di8dYu8R/SEjDtmiBWLQeR6l8bzAC5dGau/HTN3Bg\nkbJ4TfrJ4MLh9iNJBXeSd/XAUgYBisDv+p12RXvRiO/XWztx1WXU6V4BgBFn9QX6\n741DJ+uIlzgswS2RbmU8AqRMWNosKgdykDeXlDQwMa75F6SznuJ2iLYxj9qur0OI\n+yeaCOOVdT/Fgeuh8C9XBSl+U5n3Z37FKaz8ZEoA1GjcLRUa/8ep+lmd/eVnnYxr\nVmSKqSTZ4ITvQVIuPsAknmIpIpYYLHwN9AYGlmxN9hPJMMKpmpbt6oTb+zVRIL0h\nPavZZ0R7DmFd2SdTd/yjGAUuNchS6IlczELWfODmuhWVB44pqFwDNjOL7HQDxR1k\nrARfsVgiGR+9jWCLJpXY72LKj3Yc8QKCw3dr94PSCJzQtwyuU6ZJSVwMUAbjqcug\nkxUSdZu2m83aQfXArGhtepaLzz59P8I5O48NnG+Asbgvva4Ks6Wq6/XNc5RsHol5\n9BJMyMCUAFezb35BFdCy64ek21bB/YTilANDPNQwCKACjtt25j6/66OSP90CAwEA\nAQKCAgEAgdb1LVm7v6mBdlMGvFstiqQjhVme8SRbL6D5d0S5jUQYtybf5oSpy5gn\nVOs+sgboPzbssPSxxf9AYmRoeHshsV4yDZALvi9H3zwyStzZLrWiWY24pASjdAqB\nos+FN2Ct3isCtsnP4cxxNClHNP91xNfTLOzRWwtQzYo4FN5wzVj/nWgDK4xOaWD+\njpGlsbyuY7ce9WGNWWH5R/DkMTz5bQMk080JFBkNkDlhSoy3hsH2z3udMwcGNGcF\n2W2nu32FKu2kb0sqIFrNRz9Z0oVOu6mAalE0GwXOo7GFEvwLftGjeknPot7JPRY8\nm3+lv5mN7b36SkgptKUUsLF8jpONQKAp2XfMrErZ3hUmv3iElr+h4zOJHAw3+ele\nBATOZ0Co2T8/FHw6WIB/NOG81bCrf22w7l1tptB2fMWnHzgrpRaJ+1G4Ztedv4DW\n1CMeQMVsxGbO/4tOdiuxfmFhc75+r5wSpJg3TgrDvVKPSxnQU3sfVGU9Wb4zfuqY\nZNXiEK4jFWVu3MOKTL/91NnpUq3KRoPjSfxQBZb1+E4qJQYv83eIcvRj8DLRUcCh\n/kq1Fwj4FP2DEjeWfBMOEIwFgK23bhdbs+0/HfLMbmAjvfGG1wmaLdQYNimhlkAN\nEh+DrCd3CfLGNoDfxA0dqipK4uNjFtwGdvDy1dkrsS2q/fmDhNkCggEBANfJKi4y\n/GqTpDU8iWWxrxHDLBteqM3Tx1L4u5M4xWiaUCugpE0C8FmMBdj2Qa+rLg/unTlK\ndmnOWLkFdJCW4uLpCQRPb3RFjq7jx8yJmKwtOyJBiLBE3a0QNJgXdyrk4JAoeiW8\nYQMg1KTb+XjQoGmPDzfsp6CacwjOwDvmvr47ydF1ShZDaUXXSfXoPQsPO3cQ9YBs\nOuEmxOQ/2rtlrmJc1InrF6n3auFqyhIaLfTRD5AHKh8Rpsq0W82UP1FWRzXm0OFH\nOw1kWmIBD3LD6xSQcXJDKIOcXndgJnxEBj2YaT4SFfE7dio4jN4ZWzWIEHovvSQB\n/qR4ChgEwGzOGO8CggEBAP+V2qxHI8jIWLatwg1Xrrx2AWIJZraQQ/Ob3N3JVNYE\nOm/oJCn5j5087VKshl8CKLGCTpxTblVL19gZ+Pj7k1LXJRah3asi0TEaIK3HnS3l\nD/3xDfL9yioDpuV2gWnM4vunjDrMEzjGU/C6wTa8gdObBLStzk/0mg8ji2ddluf5\nFfYtXqMCDzeAYYgzn52TSuJx/XqQ/I8cmCev8Ws5sf3xnc9SB1HYMI2aPMz0rq/c\nMeFAthpSoxG77itv+fOljKKm6RCL6Ps+V2t/QKPuc1QZ5pQSAWEjz0sjbRiyun7L\nU8DxYEtN3pOk1bjIzKd6eZN0xXDrqY6MaQIIXSfmu/MCggEAQc1daIMxyApHy9gv\nCezaNy9uNtZx4XpQUTP6d1WblV9hTTyKfdWEl7oEWnoV48zumfsoxLy5SWCcW6eX\nOTRZ8dogXskecrV3YkuhtPTMssyEONkFJsOJWeoUL8EQHOt4s100imdcqgiL784I\n0FfGYwo2GNa481fF9oydwGaIChjPXWlH82wRITQaoLt2SfYWKyPnyYa3mcspxXTX\nbcf/Go22XmxrZfBGDoFzJ3wGQZ6zATe+F4VZeHzxdcpcWKBXzM8bKWeAUYAls7ch\nD91AxZ+aiL6ED0ZS5FJUyhYwVP4yMbRwLoT0bsGZ62yODM/2PlxqcB2PmnXklhh0\n2XkrzwKCAQArZc6ToiC5XwtxOV/R1CmfZoolk2MVbLmdC8IdBqqZDG6/wbMiTXXN\nRSMm/pRyXXN7cJzYfnIlmZM05nQYEt+ZGV760NFK1cafh8g0ucg+mr50aBHuSJmj\nOKuGGvEufdOs125ALZa19TcbkRptqOSCgbfy1fBKM0ZVe7uX+ZQ+H1VTT7DaDOd4\njRwCfIGFyBTXDnPz89puknRjiMR9aHaIoBYjtdH4W7Ui1iWsx39B7SmrDcnd/loi\nEL8IMSNH87xFggHhBWCyCIvffOQE8eAzT5KPYd9KF0KDh6hmoTJ5hRzbjiDDqJ06\nhKqljbLyXSF3oERGQD2yLrVF2xW2SL9xAoIBAHw0M9udER4PvRbHOLhdpSzOTEJj\nouy3fO/kn3ekKYQ2ebYmMIdkCeQ2r1Fr08s6M9SlsDryo2FHRv+5GyZdd6wYu11W\nc+/hlckbeKbYoAlPlop4nHkuVpORcREXRBQ7XTAyA9trL9AZ5aJxrPBQZFGSH8fN\nWiYVt+OB5Icg0lrgQJEcdNLs+bH89wgHMmOAEuYbXSRqDAWV7NqYZb2SI+0N9vGL\nyDJ5w0tbskDpybgDfBQdQkGxwKz34qLvLdLsKjDxLtbhBv/d8iSAtNe1CxNhflqp\niMrBqtlRdZrU1/ENnzsoS6eioddfxb13t7Xt4Pm/0R1rFBdh2LA8t9K7rSQ=\n-----END RSA PRIVATE KEY-----\n",
            "public_key_fingerprint_md5": "6f:76:03:93:c6:03:e5:bd:50:b0:23:20:14:73:1f:ad",
            "public_key_openssh": "ssh-rsa AAAAB3NzaC1yc2EAAAADAQABAAACAQDXb7FsFre9+eoyF0mwWADDfPYX29YE0UwufDcrth43SJdFBgwkYH8JNAMk1/tQ1SxOpvVvRIaEqq6eM6LN2EU/+Fkn37SY+q+H8Kl+cgUhXwlJ+n37jJOs3rxUk3axL6v+jcqhn0OLx1i7xH9ISMO2aIFYtB5HqXxvMALl0Zq78dM3cGCRsnhN+sngwuH2I0kFd5J39cBSBgGKwO/6nXZFe9GI79dbO3HVZdTpXgGAEWf1BfrvjUMn64iXOCzBLZFuZTwCpExY2iwqB3KQN5eUNDAxrvkXpLOe4naItjGP2q6vQ4j7J5oI45V1P8WB66HwL1cFKX5TmfdnfsUprPxkSgDUaNwtFRr/x6n6WZ395WedjGtWZIqpJNnghO9BUi4+wCSeYikilhgsfA30BgaWbE32E8kwwqmalu3qhNv7NVEgvSE9q9lnRHsOYV3ZJ1N3/KMYBS41yFLoiVzMQtZ84Oa6FZUHjimoXAM2M4vsdAPFHWSsBF+xWCIZH72NYIsmldjvYsqPdhzxAoLDd2v3g9IInNC3DK5TpklJXAxQBuOpy6CTFRJ1m7abzdpB9cCsaG16lovPPn0/wjk7jw2cb4CxuC+9rgqzparr9c1zlGweiXn0EkzIwJQAV7NvfkEV0LLrh6TbVsH9hOKUA0M81DAIoAKO23bmPr/ro5I/3Q==\n",
            "public_key_pem": "-----BEGIN PUBLIC KEY-----\nMIICIjANBgkqhkiG9w0BAQEFAAOCAg8AMIICCgKCAgEA12+xbBa3vfnqMhdJsFgA\nw3z2F9vWBNFMLnw3K7YeN0iXRQYMJGB/CTQDJNf7UNUsTqb1b0SGhKqunjOizdhF\nP/hZJ9+0mPqvh/CpfnIFIV8JSfp9+4yTrN68VJN2sS+r/o3KoZ9Di8dYu8R/SEjD\ntmiBWLQeR6l8bzAC5dGau/HTN3BgkbJ4TfrJ4MLh9iNJBXeSd/XAUgYBisDv+p12\nRXvRiO/XWztx1WXU6V4BgBFn9QX6741DJ+uIlzgswS2RbmU8AqRMWNosKgdykDeX\nlDQwMa75F6SznuJ2iLYxj9qur0OI+yeaCOOVdT/Fgeuh8C9XBSl+U5n3Z37FKaz8\nZEoA1GjcLRUa/8ep+lmd/eVnnYxrVmSKqSTZ4ITvQVIuPsAknmIpIpYYLHwN9AYG\nlmxN9hPJMMKpmpbt6oTb+zVRIL0hPavZZ0R7DmFd2SdTd/yjGAUuNchS6IlczELW\nfODmuhWVB44pqFwDNjOL7HQDxR1krARfsVgiGR+9jWCLJpXY72LKj3Yc8QKCw3dr\n94PSCJzQtwyuU6ZJSVwMUAbjqcugkxUSdZu2m83aQfXArGhtepaLzz59P8I5O48N\nnG+Asbgvva4Ks6Wq6/XNc5RsHol59BJMyMCUAFezb35BFdCy64ek21bB/YTilAND\nPNQwCKACjtt25j6/66OSP90CAwEAAQ==\n-----END PUBLIC KEY-----\n",
            "rsa_bits": 4096
          },
          "sensitive_attributes": [],
          "private": "bnVsbA=="
        }
      ]
    },
    {
      "module": "module.bigip[0]",
      "mode": "data",
      "type": "aws_ami",
      "name": "f5_ami",
      "provider": "provider[\"registry.terraform.io/hashicorp/aws\"]",
      "instances": [
        {
          "schema_version": 0,
          "attributes": {
            "architecture": "x86_64",
            "arn": "arn:aws:ec2:us-west-2::image/ami-024d009a4e1aa7f28",
            "block_device_mappings": [
              {
                "device_name": "/dev/xvda",
                "ebs": {
                  "delete_on_termination": "true",
                  "encrypted": "false",
                  "iops": "0",
                  "snapshot_id": "snap-06aebdae0ea91abf3",
                  "throughput": "0",
                  "volume_size": "80",
                  "volume_type": "gp2"
                },
                "no_device": "",
                "virtual_name": ""
              }
            ],
            "creation_date": "2021-07-27T15:01:56.000Z",
            "description": "F5 BIGIP-16.0.1.2-0.0.8 PAYG-Best 200Mbps-210707143148",
            "ena_support": true,
            "executable_users": null,
            "filter": [
              {
                "name": "description",
                "values": [
                  "F5 BIGIP-16* PAYG-Best 200Mbps*"
                ]
              }
            ],
            "hypervisor": "xen",
            "id": "ami-024d009a4e1aa7f28",
            "image_id": "ami-024d009a4e1aa7f28",
            "image_location": "aws-marketplace/F5 BIGIP-16.0.1.2-0.0.8 PAYG-Best 200Mbps-210707143148-0d09bfd3-90c5-4b9c-98a2-c3860dbfcd9e",
            "image_owner_alias": "aws-marketplace",
            "image_type": "machine",
            "kernel_id": null,
            "most_recent": true,
            "name": "F5 BIGIP-16.0.1.2-0.0.8 PAYG-Best 200Mbps-210707143148-0d09bfd3-90c5-4b9c-98a2-c3860dbfcd9e",
            "name_regex": null,
            "owner_id": "679593333241",
            "owners": [
              "aws-marketplace"
            ],
            "platform": null,
            "platform_details": "Linux/UNIX",
            "product_codes": [
              {
                "product_code_id": "rsd47wz2xdfqgesz2soj5xum",
                "product_code_type": "marketplace"
              }
            ],
            "public": true,
            "ramdisk_id": null,
            "root_device_name": "/dev/xvda",
            "root_device_type": "ebs",
            "root_snapshot_id": "snap-06aebdae0ea91abf3",
            "sriov_net_support": "simple",
            "state": "available",
            "state_reason": {
              "code": "UNSET",
              "message": "UNSET"
            },
            "tags": {},
            "usage_operation": "RunInstances",
            "virtualization_type": "hvm"
          },
          "sensitive_attributes": []
        }
      ]
    },
    {
      "module": "module.bigip[0]",
      "mode": "data",
      "type": "template_file",
      "name": "clustermemberDO1",
      "provider": "provider[\"registry.terraform.io/hashicorp/template\"]",
      "instances": [
        {
          "index_key": 0,
          "schema_version": 0,
          "attributes": {
            "filename": null,
            "id": "07a99a2fc8a4aa6928a0e1335f5a8a38dcb219f553d1a139510a347721b26b41",
            "rendered": "{\n    \"schemaVersion\": \"1.0.0\",\n    \"class\": \"Device\",\n    \"async\": true,\n    \"label\": \"Onboard BIG-IP\",\n    \"Common\": {\n        \"class\": \"Tenant\",\n        \"mySystem\": {\n            \"class\": \"System\",\n            \"hostname\": \"ec2-54-202-43-187.us-west-2.compute.amazonaws.com\"\n        },\n        \"myDns\": {\n            \"class\": \"DNS\",\n            \"nameServers\": [\n                    \"169.254.169.253\"\n            ],\n            \"search\": [\n                \"f5.com\"\n            ]\n        },\n        \"myNtp\": {\n            \"class\": \"NTP\",\n            \"servers\": [\n                    \"169.254.169.123\"\n            ],\n            \"timezone\": \"UTC\"\n        }\n    }\n}\n",
            "template": "{\n    \"schemaVersion\": \"1.0.0\",\n    \"class\": \"Device\",\n    \"async\": true,\n    \"label\": \"Onboard BIG-IP\",\n    \"Common\": {\n        \"class\": \"Tenant\",\n        \"mySystem\": {\n            \"class\": \"System\",\n            \"hostname\": \"${hostname}\"\n        },\n        \"myDns\": {\n            \"class\": \"DNS\",\n            \"nameServers\": [\n                    ${name_servers}\n            ],\n            \"search\": [\n                \"f5.com\"\n            ]\n        },\n        \"myNtp\": {\n            \"class\": \"NTP\",\n            \"servers\": [\n                    ${ntp_servers}\n            ],\n            \"timezone\": \"UTC\"\n        }\n    }\n}\n",
            "vars": {
              "hostname": "ec2-54-202-43-187.us-west-2.compute.amazonaws.com",
              "name_servers": "\"169.254.169.253\"",
              "ntp_servers": "\"169.254.169.123\"",
              "search_domain": "f5.com"
            }
          },
          "sensitive_attributes": []
        }
      ]
    },
    {
      "module": "module.bigip[0]",
      "mode": "data",
      "type": "template_file",
      "name": "user_data_vm0",
      "provider": "provider[\"registry.terraform.io/hashicorp/template\"]",
      "instances": [
        {
          "schema_version": 0,
          "attributes": {
            "filename": null,
            "id": "a2ade2dc0a10b992cfb4158239ae19eef39597b8050f05079b6e0be7d6f7f36d",
            "rendered": "#!/bin/bash\n\n# Send output to log file and serial console\nmkdir -p  /var/log/cloud /config/cloud /var/config/rest/downloads\nLOG_FILE=/var/log/cloud/startup-script.log\n[[ ! -f $LOG_FILE ]] \u0026\u0026 touch $LOG_FILE || { echo \"Run Only Once. Exiting\"; exit; }\nnpipe=/tmp/$$.tmp\ntrap \"rm -f $npipe\" EXIT\nmknod $npipe p\ntee \u003c$npipe -a $LOG_FILE /dev/ttyS0 \u0026\nexec 1\u003e\u0026-\nexec 1\u003e$npipe\nexec 2\u003e\u00261\n\n# # create user\n# tmsh create auth user bigipuser password RQf4G22W3J3NPmsN shell tmsh partition-access replace-all-with { all-partitions { role admin } }\n\n# save config\ntmsh save sys config\nssh_keypair2=$(cat /home/admin/.ssh/authorized_keys)\n\nmkdir -p /config/cloud\n\ncat \u003c\u003c 'EOF' \u003e /config/cloud/runtime-init-conf.yaml\n---\nruntime_parameters:\n  - name: USER_NAME\n    type: static\n    value: bigipuser\n  - name: SSH_KEYS\n    type: static\nEOF\necho \"    value: $ssh_keypair2\" \u003e\u003e /config/cloud/runtime-init-conf.yaml\n\nif false\nthen\n   cat \u003c\u003c 'EOF' \u003e\u003e /config/cloud/runtime-init-conf.yaml\n  - name: ADMIN_PASS\n    type: secret\n    secretProvider:\n      environment: aws\n      type: SecretsManager\n      version: AWSCURRENT\n      secretId: RQf4G22W3J3NPmsN\nEOF\nelse\n   cat \u003c\u003c 'EOF' \u003e\u003e /config/cloud/runtime-init-conf.yaml\n  - name: ADMIN_PASS\n    type: static\n    value: RQf4G22W3J3NPmsN\nEOF\nfi\n\n# Add remaining runtime_parameters:\ncat \u003c\u003c 'EOF' \u003e\u003e /config/cloud/runtime-init-conf.yaml\npre_onboard_enabled:\n  - name: provision_rest\n    type: inline\n    commands:\n      - /usr/bin/setdb provision.extramb 500\n      - /usr/bin/setdb restjavad.useextramb true\nextension_packages:\n  install_operations:\n    - extensionType: do\n      extensionVersion: v1.21.0\n      extensionUrl: https://github.com/F5Networks/f5-declarative-onboarding/releases/download/v1.21.0/f5-declarative-onboarding-1.21.0-3.noarch.rpm\n    - extensionType: as3\n      extensionVersion: v3.28.0\n      extensionUrl: https://github.com/F5Networks/f5-appsvcs-extension/releases/download/v3.28.0/f5-appsvcs-3.28.0-3.noarch.rpm\n    - extensionType: ts\n      extensionVersion: v1.20.0\n      extensionUrl: https://github.com/F5Networks/f5-telemetry-streaming/releases/download/v1.20.0/f5-telemetry-1.20.0-3.noarch.rpm\n    - extensionType: cf\n      extensionVersion: v1.8.0\n      extensionUrl: https://github.com/F5Networks/f5-cloud-failover-extension/releases/download/v1.8.0/f5-cloud-failover-1.8.0-0.noarch.rpm\n    - extensionType: fast\n      extensionVersion: v1.9.0\n      extensionUrl: https://github.com/F5Networks/f5-appsvcs-templates/releases/download/v1.9.0/f5-appsvcs-templates-1.9.0-1.noarch.rpm\nextension_services:\n  service_operations:\n    - extensionType: do\n      type: url\n      value: https://raw.githubusercontent.com/f5devcentral/terraform-aws-bigip-module/master/config/onboard_do.json\npost_onboard_enabled: []\nEOF\n\n# # Download\n#PACKAGE_URL='https://cdn.f5.com/product/cloudsolutions/f5-bigip-runtime-init/v1.1.0/dist/f5-bigip-runtime-init-1.1.0-1.gz.run'\n#PACKAGE_URL='https://cdn.f5.com/product/cloudsolutions/f5-bigip-runtime-init/v1.2.0/dist/f5-bigip-runtime-init-1.2.0-1.gz.run'\nfor i in {1..30}; do\n    curl -fv --retry 1 --connect-timeout 5 -L https://cdn.f5.com/product/cloudsolutions/f5-bigip-runtime-init/v1.2.1/dist/f5-bigip-runtime-init-1.2.1-1.gz.run -o \"/var/config/rest/downloads/f5-bigip-runtime-init.gz.run\" \u0026\u0026 break || sleep 10\ndone\n# Install\nbash /var/config/rest/downloads/f5-bigip-runtime-init.gz.run -- '--cloud aws'\n# Run\n# export F5_BIGIP_RUNTIME_INIT_LOG_LEVEL=silly\nf5-bigip-runtime-init --config-file /config/cloud/runtime-init-conf.yaml\n",
            "template": "#!/bin/bash\n\n# Send output to log file and serial console\nmkdir -p  /var/log/cloud /config/cloud /var/config/rest/downloads\nLOG_FILE=/var/log/cloud/startup-script.log\n[[ ! -f $LOG_FILE ]] \u0026\u0026 touch $LOG_FILE || { echo \"Run Only Once. Exiting\"; exit; }\nnpipe=/tmp/$$.tmp\ntrap \"rm -f $npipe\" EXIT\nmknod $npipe p\ntee \u003c$npipe -a $LOG_FILE /dev/ttyS0 \u0026\nexec 1\u003e\u0026-\nexec 1\u003e$npipe\nexec 2\u003e\u00261\n\n# # create user\n# tmsh create auth user ${bigip_username} password ${bigip_password} shell tmsh partition-access replace-all-with { all-partitions { role admin } }\n\n# save config\ntmsh save sys config\nssh_keypair2=$(cat /home/admin/.ssh/authorized_keys)\n\nmkdir -p /config/cloud\n\ncat \u003c\u003c 'EOF' \u003e /config/cloud/runtime-init-conf.yaml\n---\nruntime_parameters:\n  - name: USER_NAME\n    type: static\n    value: ${bigip_username}\n  - name: SSH_KEYS\n    type: static\nEOF\necho \"    value: $ssh_keypair2\" \u003e\u003e /config/cloud/runtime-init-conf.yaml\n\nif ${aws_secretmanager_auth}\nthen\n   cat \u003c\u003c 'EOF' \u003e\u003e /config/cloud/runtime-init-conf.yaml\n  - name: ADMIN_PASS\n    type: secret\n    secretProvider:\n      environment: aws\n      type: SecretsManager\n      version: AWSCURRENT\n      secretId: ${bigip_password}\nEOF\nelse\n   cat \u003c\u003c 'EOF' \u003e\u003e /config/cloud/runtime-init-conf.yaml\n  - name: ADMIN_PASS\n    type: static\n    value: ${bigip_password}\nEOF\nfi\n\n# Add remaining runtime_parameters:\ncat \u003c\u003c 'EOF' \u003e\u003e /config/cloud/runtime-init-conf.yaml\npre_onboard_enabled:\n  - name: provision_rest\n    type: inline\n    commands:\n      - /usr/bin/setdb provision.extramb 500\n      - /usr/bin/setdb restjavad.useextramb true\nextension_packages:\n  install_operations:\n    - extensionType: do\n      extensionVersion: ${DO_VER}\n      extensionUrl: ${DO_URL}\n    - extensionType: as3\n      extensionVersion: ${AS3_VER}\n      extensionUrl: ${AS3_URL}\n    - extensionType: ts\n      extensionVersion: ${TS_VER}\n      extensionUrl: ${TS_URL}\n    - extensionType: cf\n      extensionVersion: ${CFE_VER}\n      extensionUrl: ${CFE_URL}\n    - extensionType: fast\n      extensionVersion: ${FAST_VER}\n      extensionUrl: ${FAST_URL}\nextension_services:\n  service_operations:\n    - extensionType: do\n      type: url\n      value: https://raw.githubusercontent.com/f5devcentral/terraform-aws-bigip-module/master/config/onboard_do.json\npost_onboard_enabled: []\nEOF\n\n# # Download\n#PACKAGE_URL='https://cdn.f5.com/product/cloudsolutions/f5-bigip-runtime-init/v1.1.0/dist/f5-bigip-runtime-init-1.1.0-1.gz.run'\n#PACKAGE_URL='https://cdn.f5.com/product/cloudsolutions/f5-bigip-runtime-init/v1.2.0/dist/f5-bigip-runtime-init-1.2.0-1.gz.run'\nfor i in {1..30}; do\n    curl -fv --retry 1 --connect-timeout 5 -L ${INIT_URL} -o \"/var/config/rest/downloads/f5-bigip-runtime-init.gz.run\" \u0026\u0026 break || sleep 10\ndone\n# Install\nbash /var/config/rest/downloads/f5-bigip-runtime-init.gz.run -- '--cloud aws'\n# Run\n# export F5_BIGIP_RUNTIME_INIT_LOG_LEVEL=silly\nf5-bigip-runtime-init --config-file /config/cloud/runtime-init-conf.yaml\n",
            "vars": {
              "AS3_URL": "https://github.com/F5Networks/f5-appsvcs-extension/releases/download/v3.28.0/f5-appsvcs-3.28.0-3.noarch.rpm",
              "AS3_VER": "v3.28.0",
              "CFE_URL": "https://github.com/F5Networks/f5-cloud-failover-extension/releases/download/v1.8.0/f5-cloud-failover-1.8.0-0.noarch.rpm",
              "CFE_VER": "v1.8.0",
              "DO_URL": "https://github.com/F5Networks/f5-declarative-onboarding/releases/download/v1.21.0/f5-declarative-onboarding-1.21.0-3.noarch.rpm",
              "DO_VER": "v1.21.0",
              "FAST_URL": "https://github.com/F5Networks/f5-appsvcs-templates/releases/download/v1.9.0/f5-appsvcs-templates-1.9.0-1.noarch.rpm",
              "FAST_VER": "v1.9.0",
              "INIT_URL": "https://cdn.f5.com/product/cloudsolutions/f5-bigip-runtime-init/v1.2.1/dist/f5-bigip-runtime-init-1.2.1-1.gz.run",
              "TS_URL": "https://github.com/F5Networks/f5-telemetry-streaming/releases/download/v1.20.0/f5-telemetry-1.20.0-3.noarch.rpm",
              "TS_VER": "v1.20.0",
              "aws_secretmanager_auth": "false",
              "bigip_password": "RQf4G22W3J3NPmsN",
              "bigip_username": "bigipuser",
              "ssh_keypair": "ssh-rsa AAAAB3NzaC1yc2EAAAADAQABAAACAQClyOcDZJTViTsDSso1DtN6cTj+1sAT5P9G3UW/B+hqdz1qflyukSodaIULx4ULKKUQnqmSVYbstQ/GlPNjj4J9tuzn8uQM8bCLQjzEVPzjzMey1OD2/KA0E/A/cyAsmZW0k/YDmzwgjdMjfPNmhbjJspxpBR1oZYizPtLF74vMjh2kZUMfOIFl/plrtWBLDAc41/VMZIk69Pq4kfR3oUQvZwf3RWAZTPqRsbM/VHqpd4sAs8SqoaiQtbwU52WY6vxb6B0BIOsbFP3A+AtgAKtKE7zHIo1uSt6Pc8g9ofu0glUZeQzfvjnBfF6fqA24WjA5Ss6r7ObKQFjRFitbm+JIgsU5MayqvUwEpjhHMduqtU7hPSnd3DAhYBXtqNExPJGOR9lMHm43Y1dTIWcmEZ+3ZhBhAhiOfodjWCypum685P3ITAnWsRAlubd0P4i9rH/Nvpjd2fshBbCTu0Ubzrh9c5XOraeeORuCoB5BkjOkbLX0iXYMdr3BCkcu2g+rZ5XqBwsT0IzIY2eGC07Fsd2+WRb7Ut/DLuc7/EeWnim1MCWiXXizDNaQoRYPOc//V3nobq1R66DVw1k/EuxIAODi5OJKynMep52gREgRnZFQr2l/dMPw1cXv17YudmDCIH+KNFX9C1tKX7U6jHAJEKH54VkiXj1VMn+QRWdaYLHfHw== chinthalapalli@HYD-ML-00064448\n"
            }
          },
          "sensitive_attributes": []
        }
      ]
    },
    {
      "module": "module.bigip[0]",
      "mode": "managed",
      "type": "aws_eip",
      "name": "mgmt",
      "provider": "provider[\"registry.terraform.io/hashicorp/aws\"]",
      "instances": [
        {
          "index_key": 0,
          "schema_version": 0,
          "attributes": {
            "address": null,
            "allocation_id": null,
            "associate_with_private_ip": null,
            "association_id": "eipassoc-071922c3d7c1d24ee",
            "carrier_ip": "",
            "customer_owned_ip": "",
            "customer_owned_ipv4_pool": "",
            "domain": "vpc",
            "id": "eipalloc-042e2b4611a9eb096",
            "instance": "",
            "network_border_group": "us-west-2",
            "network_interface": "eni-04f5cd0c655b60dc7",
            "private_dns": "ip-10-0-1-163.us-west-2.compute.internal",
            "private_ip": "10.0.1.163",
            "public_dns": "ec2-54-202-43-187.us-west-2.compute.amazonaws.com",
            "public_ip": "54.202.43.187",
            "public_ipv4_pool": "amazon",
            "tags": {
              "Name": "BIGIP-Managemt-PublicIp-0",
              "Prefix": "tf-aws-bigip-1nic-cc27"
            },
            "tags_all": {
              "Name": "BIGIP-Managemt-PublicIp-0",
              "Prefix": "tf-aws-bigip-1nic-cc27"
            },
            "timeouts": null,
            "vpc": true
          },
          "sensitive_attributes": [],
          "private": "eyJlMmJmYjczMC1lY2FhLTExZTYtOGY4OC0zNDM2M2JjN2M0YzAiOnsiZGVsZXRlIjoxODAwMDAwMDAwMDAsInJlYWQiOjkwMDAwMDAwMDAwMCwidXBkYXRlIjozMDAwMDAwMDAwMDB9fQ==",
          "dependencies": [
            "aws_subnet.mgmt",
            "module.bigip.aws_network_interface.mgmt",
            "module.bigip.aws_network_interface.mgmt1",
            "module.bigip.random_id.module_id",
            "module.mgmt-network-security-group.aws_security_group.this",
            "module.mgmt-network-security-group.aws_security_group.this_name_prefix",
            "module.vpc.aws_vpc.this",
            "random_id.id"
          ]
        }
      ]
    },
    {
      "module": "module.bigip[0]",
      "mode": "managed",
      "type": "aws_instance",
      "name": "f5_bigip",
      "provider": "provider[\"registry.terraform.io/hashicorp/aws\"]",
      "instances": [
        {
          "schema_version": 1,
          "attributes": {
            "ami": "ami-024d009a4e1aa7f28",
            "arn": "arn:aws:ec2:us-west-2:793515189053:instance/i-0ea308f13468ec9a1",
            "associate_public_ip_address": true,
            "availability_zone": "us-west-2a",
            "capacity_reservation_specification": [
              {
                "capacity_reservation_preference": "open",
                "capacity_reservation_target": []
              }
            ],
            "cpu_core_count": 2,
            "cpu_threads_per_core": 2,
            "credit_specification": [],
            "disable_api_termination": false,
            "ebs_block_device": [],
            "ebs_optimized": false,
            "enclave_options": [
              {
                "enabled": false
              }
            ],
            "ephemeral_block_device": [],
            "get_password_data": false,
            "hibernation": false,
            "host_id": null,
            "iam_instance_profile": "",
            "id": "i-0ea308f13468ec9a1",
            "instance_initiated_shutdown_behavior": "stop",
            "instance_state": "running",
            "instance_type": "m5.xlarge",
            "ipv6_address_count": 0,
            "ipv6_addresses": [],
            "key_name": "tf-aws-bigip-tf-demo-key-3205",
            "launch_template": [],
            "metadata_options": [
              {
                "http_endpoint": "enabled",
                "http_put_response_hop_limit": 1,
                "http_tokens": "optional"
              }
            ],
            "monitoring": false,
            "network_interface": [
              {
                "delete_on_termination": false,
                "device_index": 0,
                "network_interface_id": "eni-04f5cd0c655b60dc7"
              }
            ],
            "outpost_arn": "",
            "password_data": "",
            "placement_group": "",
            "primary_network_interface_id": "eni-04f5cd0c655b60dc7",
            "private_dns": "ip-10-0-1-163.us-west-2.compute.internal",
            "private_ip": "10.0.1.163",
            "public_dns": "ec2-54-202-43-187.us-west-2.compute.amazonaws.com",
            "public_ip": "54.202.43.187",
            "root_block_device": [
              {
                "delete_on_termination": true,
                "device_name": "/dev/xvda",
                "encrypted": false,
                "iops": 240,
                "kms_key_id": "",
                "tags": null,
                "throughput": 0,
                "volume_id": "vol-0f25bbcdd82ee043d",
                "volume_size": 80,
                "volume_type": "gp2"
              }
            ],
            "secondary_private_ips": [],
            "security_groups": [],
            "source_dest_check": true,
            "subnet_id": "subnet-03342ac758d3e5234",
            "tags": {
              "Name": "BIGIP-Instance-tf-aws-bigip-1nic-cc27",
              "Prefix": "tf-aws-bigip-1nic-cc27"
            },
            "tags_all": {
              "Name": "BIGIP-Instance-tf-aws-bigip-1nic-cc27",
              "Prefix": "tf-aws-bigip-1nic-cc27"
            },
            "tenancy": "default",
            "timeouts": null,
            "user_data": "d5fbd9d6ea7ffd987043cd7883b48378b7582e72",
            "user_data_base64": null,
            "volume_tags": null,
            "vpc_security_group_ids": [
              "sg-08b9b2aebbc5b79ae"
            ]
          },
          "sensitive_attributes": [],
          "private": "eyJlMmJmYjczMC1lY2FhLTExZTYtOGY4OC0zNDM2M2JjN2M0YzAiOnsiY3JlYXRlIjo2MDAwMDAwMDAwMDAsImRlbGV0ZSI6MTIwMDAwMDAwMDAwMCwidXBkYXRlIjo2MDAwMDAwMDAwMDB9LCJzY2hlbWFfdmVyc2lvbiI6IjEifQ==",
          "dependencies": [
            "aws_key_pair.generated_key",
            "aws_subnet.mgmt",
            "module.bigip.aws_eip.mgmt",
            "module.bigip.aws_network_interface.external_private",
            "module.bigip.aws_network_interface.external_private1",
            "module.bigip.aws_network_interface.mgmt",
            "module.bigip.aws_network_interface.mgmt1",
            "module.bigip.aws_network_interface.private",
            "module.bigip.aws_network_interface.private1",
            "module.bigip.aws_network_interface.public",
            "module.bigip.aws_network_interface.public1",
            "module.bigip.data.aws_ami.f5_ami",
            "module.bigip.data.aws_secretsmanager_secret_version.current",
            "module.bigip.data.template_file.user_data_vm0",
            "module.bigip.random_id.module_id",
            "module.bigip.random_string.dynamic_password",
            "module.mgmt-network-security-group.aws_security_group.this",
            "module.mgmt-network-security-group.aws_security_group.this_name_prefix",
            "module.vpc.aws_vpc.this",
            "random_id.id",
            "random_string.password",
            "tls_private_key.example"
          ]
        }
      ]
    },
    {
      "module": "module.bigip[0]",
      "mode": "managed",
      "type": "aws_network_interface",
      "name": "mgmt1",
      "provider": "provider[\"registry.terraform.io/hashicorp/aws\"]",
      "instances": [
        {
          "index_key": 0,
          "schema_version": 0,
          "attributes": {
            "attachment": [],
            "description": "",
            "id": "eni-04f5cd0c655b60dc7",
            "interface_type": "interface",
            "ipv6_address_count": 0,
            "ipv6_addresses": [],
            "mac_address": "06:1e:65:c3:63:d5",
            "outpost_arn": "",
            "private_dns_name": "ip-10-0-1-163.us-west-2.compute.internal",
            "private_ip": "10.0.1.163",
            "private_ips": [
              "10.0.1.163"
            ],
            "private_ips_count": 0,
            "security_groups": [
              "sg-08b9b2aebbc5b79ae"
            ],
            "source_dest_check": true,
            "subnet_id": "subnet-03342ac758d3e5234",
            "tags": {
              "Name": "BIGIP-Managemt-Interface-0",
              "Prefix": "tf-aws-bigip-1nic-cc27"
            },
            "tags_all": {
              "Name": "BIGIP-Managemt-Interface-0",
              "Prefix": "tf-aws-bigip-1nic-cc27"
            }
          },
          "sensitive_attributes": [],
          "private": "bnVsbA==",
          "dependencies": [
            "aws_subnet.mgmt",
            "module.bigip.random_id.module_id",
            "module.mgmt-network-security-group.aws_security_group.this",
            "module.mgmt-network-security-group.aws_security_group.this_name_prefix",
            "module.vpc.aws_vpc.this",
            "random_id.id"
          ]
        }
      ]
    },
    {
      "module": "module.bigip[0]",
      "mode": "managed",
      "type": "random_id",
      "name": "module_id",
      "provider": "provider[\"registry.terraform.io/hashicorp/random\"]",
      "instances": [
        {
          "schema_version": 0,
          "attributes": {
            "b64_std": "zCc=",
            "b64_url": "zCc",
            "byte_length": 2,
            "dec": "52263",
            "hex": "cc27",
            "id": "zCc",
            "keepers": null,
            "prefix": null
          },
          "sensitive_attributes": [],
          "private": "bnVsbA=="
        }
      ]
    },
    {
      "module": "module.bigip[0]",
      "mode": "managed",
      "type": "random_string",
      "name": "dynamic_password",
      "provider": "provider[\"registry.terraform.io/hashicorp/random\"]",
      "instances": [
        {
          "schema_version": 1,
          "attributes": {
            "id": "fzawsj4AdeLuRk6i",
            "keepers": null,
            "length": 16,
            "lower": true,
            "min_lower": 1,
            "min_numeric": 1,
            "min_special": 0,
            "min_upper": 1,
            "number": true,
            "override_special": null,
            "result": "fzawsj4AdeLuRk6i",
            "special": false,
            "upper": true
          },
          "sensitive_attributes": [],
          "private": "eyJzY2hlbWFfdmVyc2lvbiI6IjEifQ=="
        }
      ]
    },
    {
      "module": "module.mgmt-network-security-group",
      "mode": "managed",
      "type": "aws_security_group",
      "name": "this_name_prefix",
      "provider": "provider[\"registry.terraform.io/hashicorp/aws\"]",
      "instances": [
        {
          "index_key": 0,
          "schema_version": 1,
          "attributes": {
            "arn": "arn:aws:ec2:us-west-2:793515189053:security-group/sg-08b9b2aebbc5b79ae",
            "description": "Security group for BIG-IP Management",
            "egress": [],
            "id": "sg-08b9b2aebbc5b79ae",
            "ingress": [],
            "name": "tf-aws-bigip-mgmt-nsg-3205-20211028135430133500000002",
            "name_prefix": "tf-aws-bigip-mgmt-nsg-3205-",
            "owner_id": "793515189053",
            "revoke_rules_on_delete": false,
            "tags": {
              "Name": "tf-aws-bigip-mgmt-nsg-3205"
            },
            "tags_all": {
              "Name": "tf-aws-bigip-mgmt-nsg-3205"
            },
            "timeouts": null,
            "vpc_id": "vpc-02a0a550ef4d0d6d8"
          },
          "sensitive_attributes": [],
          "private": "eyJlMmJmYjczMC1lY2FhLTExZTYtOGY4OC0zNDM2M2JjN2M0YzAiOnsiY3JlYXRlIjo2MDAwMDAwMDAwMDAsImRlbGV0ZSI6OTAwMDAwMDAwMDAwfSwic2NoZW1hX3ZlcnNpb24iOiIxIn0=",
          "dependencies": [
            "module.vpc.aws_vpc.this",
            "random_id.id"
          ],
          "create_before_destroy": true
        }
      ]
    },
    {
      "module": "module.mgmt-network-security-group",
      "mode": "managed",
      "type": "aws_security_group_rule",
      "name": "egress_rules",
      "provider": "provider[\"registry.terraform.io/hashicorp/aws\"]",
      "instances": [
        {
          "index_key": 0,
          "schema_version": 2,
          "attributes": {
            "cidr_blocks": [
              "0.0.0.0/0"
            ],
            "description": "All protocols",
            "from_port": -1,
            "id": "sgrule-976017920",
            "ipv6_cidr_blocks": [
              "::/0"
            ],
            "prefix_list_ids": [],
            "protocol": "-1",
            "security_group_id": "sg-08b9b2aebbc5b79ae",
            "self": false,
            "source_security_group_id": null,
            "to_port": -1,
            "type": "egress"
          },
          "sensitive_attributes": [],
          "private": "eyJzY2hlbWFfdmVyc2lvbiI6IjIifQ==",
          "dependencies": [
            "module.mgmt-network-security-group.aws_security_group.this",
            "module.mgmt-network-security-group.aws_security_group.this_name_prefix",
            "module.vpc.aws_vpc.this",
            "random_id.id"
          ]
        }
      ]
    },
    {
      "module": "module.mgmt-network-security-group",
      "mode": "managed",
      "type": "aws_security_group_rule",
      "name": "ingress_rules",
      "provider": "provider[\"registry.terraform.io/hashicorp/aws\"]",
      "instances": [
        {
          "index_key": 0,
          "schema_version": 2,
          "attributes": {
            "cidr_blocks": [
              "0.0.0.0/0"
            ],
            "description": "HTTPS",
            "from_port": 443,
            "id": "sgrule-1683410710",
            "ipv6_cidr_blocks": [],
            "prefix_list_ids": [],
            "protocol": "tcp",
            "security_group_id": "sg-08b9b2aebbc5b79ae",
            "self": false,
            "source_security_group_id": null,
            "to_port": 443,
            "type": "ingress"
          },
          "sensitive_attributes": [],
          "private": "eyJzY2hlbWFfdmVyc2lvbiI6IjIifQ==",
          "dependencies": [
            "module.mgmt-network-security-group.aws_security_group.this",
            "module.mgmt-network-security-group.aws_security_group.this_name_prefix",
            "module.vpc.aws_vpc.this",
            "random_id.id"
          ]
        },
        {
          "index_key": 1,
          "schema_version": 2,
          "attributes": {
            "cidr_blocks": [
              "0.0.0.0/0"
            ],
            "description": "HTTPS",
            "from_port": 8443,
            "id": "sgrule-3038182383",
            "ipv6_cidr_blocks": [],
            "prefix_list_ids": [],
            "protocol": "tcp",
            "security_group_id": "sg-08b9b2aebbc5b79ae",
            "self": false,
            "source_security_group_id": null,
            "to_port": 8443,
            "type": "ingress"
          },
          "sensitive_attributes": [],
          "private": "eyJzY2hlbWFfdmVyc2lvbiI6IjIifQ==",
          "dependencies": [
            "module.mgmt-network-security-group.aws_security_group.this",
            "module.mgmt-network-security-group.aws_security_group.this_name_prefix",
            "module.vpc.aws_vpc.this",
            "random_id.id"
          ]
        },
        {
          "index_key": 2,
          "schema_version": 2,
          "attributes": {
            "cidr_blocks": [
              "0.0.0.0/0"
            ],
            "description": "SSH",
            "from_port": 22,
            "id": "sgrule-2209911702",
            "ipv6_cidr_blocks": [],
            "prefix_list_ids": [],
            "protocol": "tcp",
            "security_group_id": "sg-08b9b2aebbc5b79ae",
            "self": false,
            "source_security_group_id": null,
            "to_port": 22,
            "type": "ingress"
          },
          "sensitive_attributes": [],
          "private": "eyJzY2hlbWFfdmVyc2lvbiI6IjIifQ==",
          "dependencies": [
            "module.mgmt-network-security-group.aws_security_group.this",
            "module.mgmt-network-security-group.aws_security_group.this_name_prefix",
            "module.vpc.aws_vpc.this",
            "random_id.id"
          ]
        }
      ]
    },
    {
      "module": "module.vpc",
      "mode": "managed",
      "type": "aws_vpc",
      "name": "this",
      "provider": "provider[\"registry.terraform.io/hashicorp/aws\"]",
      "instances": [
        {
          "index_key": 0,
          "schema_version": 1,
          "attributes": {
            "arn": "arn:aws:ec2:us-west-2:793515189053:vpc/vpc-02a0a550ef4d0d6d8",
            "assign_generated_ipv6_cidr_block": false,
            "cidr_block": "10.0.0.0/16",
            "default_network_acl_id": "acl-0b516070772246765",
            "default_route_table_id": "rtb-06f44feb9c68dff87",
            "default_security_group_id": "sg-05e1d9ede99fd5bb2",
            "dhcp_options_id": "dopt-91b207e8",
            "enable_classiclink": false,
            "enable_classiclink_dns_support": false,
            "enable_dns_hostnames": true,
            "enable_dns_support": true,
            "id": "vpc-02a0a550ef4d0d6d8",
            "instance_tenancy": "default",
            "ipv6_association_id": "",
            "ipv6_cidr_block": "",
            "main_route_table_id": "rtb-06f44feb9c68dff87",
            "owner_id": "793515189053",
            "tags": {
              "Environment": "dev",
              "Name": "tf-aws-bigip-vpc-3205",
              "Terraform": "true"
            },
            "tags_all": {
              "Environment": "dev",
              "Name": "tf-aws-bigip-vpc-3205",
              "Terraform": "true"
            }
          },
          "sensitive_attributes": [],
          "private": "eyJzY2hlbWFfdmVyc2lvbiI6IjEifQ==",
          "dependencies": [
            "random_id.id"
          ],
          "create_before_destroy": true
        }
      ]
    }
  ]
}
