{
  "version": 4,
  "terraform_version": "1.0.7",
  "serial": 118,
  "lineage": "ca81f75a-1128-fed8-1238-89203664482f",
  "outputs": {
    "bigip_instance_ids": {
      "value": [
        [
          "i-03382282b940f0c35"
        ],
        [
          "i-0b9bb95bc25d18ccc"
        ]
      ],
      "type": [
        "tuple",
        [
          [
            "tuple",
            [
              "string"
            ]
          ],
          [
            "tuple",
            [
              "string"
            ]
          ]
        ]
      ]
    },
    "bigip_password": {
      "value": [
        "64xs2vBRWjbVav6P",
        "BcktXYk7ofaZH9yf"
      ],
      "type": [
        "tuple",
        [
          "string",
          "string"
        ]
      ]
    },
    "external_private_primary_private_ip": {
      "value": [
        [],
        []
      ],
      "type": [
        "tuple",
        [
          [
            "tuple",
            []
          ],
          [
            "tuple",
            []
          ]
        ]
      ]
    },
    "external_public_primary_private_ip": {
      "value": [
        "10.0.2.164",
        "10.0.2.183"
      ],
      "type": [
        "tuple",
        [
          "string",
          "string"
        ]
      ]
    },
    "external_public_primary_private_ips": {
      "value": [
        "10.0.2.164",
        "10.0.2.68",
        "10.0.2.170",
        "10.0.2.183"
      ],
      "type": [
        "tuple",
        [
          "string",
          "string",
          "string",
          "string"
        ]
      ]
    },
    "external_public_secondary_private_ips": {
      "value": [
        "10.0.2.68",
        "10.0.2.170",
        "10.0.2.183"
      ],
      "type": [
        "tuple",
        [
          "string",
          "string",
          "string"
        ]
      ]
    },
    "f5_username": {
      "value": [
        "bigipuser",
        "bigipuser"
      ],
      "type": [
        "tuple",
        [
          "string",
          "string"
        ]
      ]
    },
    "mgmtPort": {
      "value": [
        "443",
        "443"
      ],
      "type": [
        "tuple",
        [
          "string",
          "string"
        ]
      ]
    },
    "mgmtPublicDNS": {
      "value": [
        [
          "ec2-52-35-225-86.us-west-2.compute.amazonaws.com"
        ],
        [
          "ec2-52-26-68-228.us-west-2.compute.amazonaws.com"
        ]
      ],
      "type": [
        "tuple",
        [
          [
            "tuple",
            [
              "string"
            ]
          ],
          [
            "tuple",
            [
              "string"
            ]
          ]
        ]
      ]
    },
    "mgmtPublicIP": {
      "value": [
        [
          "52.35.225.86"
        ],
        [
          "52.26.68.228"
        ]
      ],
      "type": [
        "tuple",
        [
          [
            "tuple",
            [
              "string"
            ]
          ],
          [
            "tuple",
            [
              "string"
            ]
          ]
        ]
      ]
    },
    "mgmtPublicURL": {
      "value": [
        "https://ec2-52-35-225-86.us-west-2.compute.amazonaws.com:443",
        "https://ec2-52-26-68-228.us-west-2.compute.amazonaws.com:443"
      ],
      "type": [
        "list",
        "string"
      ]
    },
    "private_addresses": {
      "value": [
        {
          "external_private": {
            "private_ip": [],
            "private_ips": []
          },
          "internal_private": {
            "private_ip": [],
            "private_ips": []
          },
          "mgmt_private": {
            "private_ip": [
              "10.0.1.151"
            ],
            "private_ips": [
              [
                "10.0.1.151"
              ]
            ]
          },
          "public_private": {
            "private_ip": [
              "10.0.2.164"
            ],
            "private_ips": [
              [
                "10.0.2.164",
                "10.0.2.68"
              ]
            ]
          }
        },
        {
          "external_private": {
            "private_ip": [],
            "private_ips": []
          },
          "internal_private": {
            "private_ip": [],
            "private_ips": []
          },
          "mgmt_private": {
            "private_ip": [
              "10.0.1.201"
            ],
            "private_ips": [
              [
                "10.0.1.201"
              ]
            ]
          },
          "public_private": {
            "private_ip": [
              "10.0.2.183"
            ],
            "private_ips": [
              [
                "10.0.2.170",
                "10.0.2.183"
              ]
            ]
          }
        }
      ],
      "type": [
        "tuple",
        [
          [
            "object",
            {
              "external_private": [
                "object",
                {
                  "private_ip": [
                    "tuple",
                    []
                  ],
                  "private_ips": [
                    "tuple",
                    []
                  ]
                }
              ],
              "internal_private": [
                "object",
                {
                  "private_ip": [
                    "tuple",
                    []
                  ],
                  "private_ips": [
                    "tuple",
                    []
                  ]
                }
              ],
              "mgmt_private": [
                "object",
                {
                  "private_ip": [
                    "list",
                    "string"
                  ],
                  "private_ips": [
                    "list",
                    [
                      "set",
                      "string"
                    ]
                  ]
                }
              ],
              "public_private": [
                "object",
                {
                  "private_ip": [
                    "list",
                    "string"
                  ],
                  "private_ips": [
                    "list",
                    [
                      "set",
                      "string"
                    ]
                  ]
                }
              ]
            }
          ],
          [
            "object",
            {
              "external_private": [
                "object",
                {
                  "private_ip": [
                    "tuple",
                    []
                  ],
                  "private_ips": [
                    "tuple",
                    []
                  ]
                }
              ],
              "internal_private": [
                "object",
                {
                  "private_ip": [
                    "tuple",
                    []
                  ],
                  "private_ips": [
                    "tuple",
                    []
                  ]
                }
              ],
              "mgmt_private": [
                "object",
                {
                  "private_ip": [
                    "list",
                    "string"
                  ],
                  "private_ips": [
                    "list",
                    [
                      "set",
                      "string"
                    ]
                  ]
                }
              ],
              "public_private": [
                "object",
                {
                  "private_ip": [
                    "list",
                    "string"
                  ],
                  "private_ips": [
                    "list",
                    [
                      "set",
                      "string"
                    ]
                  ]
                }
              ]
            }
          ]
        ]
      ]
    },
    "public_addresses": {
      "value": [
        {
          "external_primary_public": [
            "35.85.178.65"
          ],
          "external_secondary_public": [
            "100.21.25.68"
          ]
        },
        {
          "external_primary_public": [
            "35.86.57.196"
          ],
          "external_secondary_public": [
            "34.208.253.215"
          ]
        }
      ],
      "type": [
        "tuple",
        [
          [
            "object",
            {
              "external_primary_public": [
                "tuple",
                [
                  "string"
                ]
              ],
              "external_secondary_public": [
                "tuple",
                [
                  "string"
                ]
              ]
            }
          ],
          [
            "object",
            {
              "external_primary_public": [
                "tuple",
                [
                  "string"
                ]
              ],
              "external_secondary_public": [
                "tuple",
                [
                  "string"
                ]
              ]
            }
          ]
        ]
      ]
    },
    "vpc_id": {
      "value": "vpc-07c65b8d9601d819d",
      "type": "string"
    }
  },
  "resources": [
    {
      "mode": "managed",
      "type": "aws_internet_gateway",
      "name": "gw",
      "provider": "provider[\"registry.terraform.io/hashicorp/aws\"]",
      "instances": [
        {
          "schema_version": 0,
          "attributes": {
            "arn": "arn:aws:ec2:us-west-2:793515189053:internet-gateway/igw-0d4aa97ba007adfbb",
            "id": "igw-0d4aa97ba007adfbb",
            "owner_id": "793515189053",
            "tags": {
              "Name": "default"
            },
            "tags_all": {
              "Name": "default"
            },
            "vpc_id": "vpc-07c65b8d9601d819d"
          },
          "sensitive_attributes": [],
          "private": "bnVsbA==",
          "dependencies": [
            "module.vpc.aws_vpc.this",
            "random_id.id"
          ]
        }
      ]
    },
    {
      "mode": "managed",
      "type": "aws_key_pair",
      "name": "generated_key",
      "provider": "provider[\"registry.terraform.io/hashicorp/aws\"]",
      "instances": [
        {
          "schema_version": 1,
          "attributes": {
            "arn": "arn:aws:ec2:us-west-2:793515189053:key-pair/tf-aws-bigip-tf-demo-key-a938",
            "fingerprint": "2c:e5:23:53:29:57:1f:eb:8f:91:5e:03:a8:fa:c3:e3",
            "id": "tf-aws-bigip-tf-demo-key-a938",
            "key_name": "tf-aws-bigip-tf-demo-key-a938",
            "key_name_prefix": null,
            "key_pair_id": "key-0de2734c663b875c9",
            "public_key": "ssh-rsa AAAAB3NzaC1yc2EAAAADAQABAAACAQDcw6KATHk6rUDLt2RlXYVWll6fjawIFtBczKiTEydJYsdfCnnOnMuhpgEko93fX3N5S07MLCkwBS889ej2ARBjB5dRwEVQvj7upmGpUvf1iwdKBlXNefa6PWm0Ah7Kqr5y18VW1kokNDxjdGyh3UWdDDuxjDdAqCBZ+SgseqspDhtW4lsVotOwgLciEuopOOlG4LHe0BQZ7vzGRlj52FwBs3WGy3t+DF2RagTt3YqPh8JrQ+/rhYAGDgCl3P53J/6TupA85d+P3eCp3G2liUhTVfiUwptzypCsrJwMyYUbanMb3IPchr9MScEt56VvWZ8PP+YBqGw9+aQAD+LJODl4I3yKz9t3crChz3eaBDk8sP/2WnlcVr6vPFIfDJAz52zA6rMs4A6ygT3vAt343MGnH9F90OwJ/sDfnTWjjTlFqyC6FBNm/mEP/L3a81/W4XhYUGMpbIwhmrIZAbOX1FN27JkeagGZpb4zB9o6y5XDLC41g9Al+YwC831KJY316DYwMemCiHjIRv3l0EyuBVwwAe670AGvgzU7UaJIUun5L6oBLyjgC3CokjKV5mfxoD6s9iIQH/KNaW1HhqpeoUDp3mAMGteA6v+S7F00FVShFkyGZJWSpcVQ3XqOV3FDVi1zKTlt4v+0+0rnmczlQc13zgI8S5zmydh2U7LU4jj11w==",
            "tags": null,
            "tags_all": {}
          },
          "sensitive_attributes": [],
          "private": "eyJzY2hlbWFfdmVyc2lvbiI6IjEifQ==",
          "dependencies": [
            "random_id.id",
            "tls_private_key.example"
          ]
        }
      ]
    },
    {
      "mode": "managed",
      "type": "aws_route_table",
      "name": "internet-gw",
      "provider": "provider[\"registry.terraform.io/hashicorp/aws\"]",
      "instances": [
        {
          "schema_version": 0,
          "attributes": {
            "arn": "arn:aws:ec2:us-west-2:793515189053:route-table/rtb-038624b8477300cb6",
            "id": "rtb-038624b8477300cb6",
            "owner_id": "793515189053",
            "propagating_vgws": [],
            "route": [
              {
                "carrier_gateway_id": "",
                "cidr_block": "0.0.0.0/0",
                "destination_prefix_list_id": "",
                "egress_only_gateway_id": "",
                "gateway_id": "igw-0d4aa97ba007adfbb",
                "instance_id": "",
                "ipv6_cidr_block": "",
                "local_gateway_id": "",
                "nat_gateway_id": "",
                "network_interface_id": "",
                "transit_gateway_id": "",
                "vpc_endpoint_id": "",
                "vpc_peering_connection_id": ""
              }
            ],
            "tags": null,
            "tags_all": {},
            "timeouts": null,
            "vpc_id": "vpc-07c65b8d9601d819d"
          },
          "sensitive_attributes": [],
          "private": "eyJlMmJmYjczMC1lY2FhLTExZTYtOGY4OC0zNDM2M2JjN2M0YzAiOnsiY3JlYXRlIjoxMjAwMDAwMDAwMDAsImRlbGV0ZSI6MzAwMDAwMDAwMDAwLCJ1cGRhdGUiOjEyMDAwMDAwMDAwMH19",
          "dependencies": [
            "aws_internet_gateway.gw",
            "module.vpc.aws_vpc.this",
            "random_id.id"
          ]
        }
      ]
    },
    {
      "mode": "managed",
      "type": "aws_route_table_association",
      "name": "route_table_external",
      "provider": "provider[\"registry.terraform.io/hashicorp/aws\"]",
      "instances": [
        {
          "schema_version": 0,
          "attributes": {
            "gateway_id": "",
            "id": "rtbassoc-0080741f79943182d",
            "route_table_id": "rtb-038624b8477300cb6",
            "subnet_id": "subnet-06a1bb86844d6677e"
          },
          "sensitive_attributes": [],
          "private": "bnVsbA==",
          "dependencies": [
            "aws_internet_gateway.gw",
            "aws_route_table.internet-gw",
            "aws_subnet.external-public",
            "module.vpc.aws_vpc.this",
            "random_id.id"
          ]
        }
      ]
    },
    {
      "mode": "managed",
      "type": "aws_route_table_association",
      "name": "route_table_management",
      "provider": "provider[\"registry.terraform.io/hashicorp/aws\"]",
      "instances": [
        {
          "schema_version": 0,
          "attributes": {
            "gateway_id": "",
            "id": "rtbassoc-0d11e3eb4db095cd1",
            "route_table_id": "rtb-038624b8477300cb6",
            "subnet_id": "subnet-0c914c273bef603f5"
          },
          "sensitive_attributes": [],
          "private": "bnVsbA==",
          "dependencies": [
            "aws_internet_gateway.gw",
            "aws_route_table.internet-gw",
            "aws_subnet.mgmt",
            "module.vpc.aws_vpc.this",
            "random_id.id"
          ]
        }
      ]
    },
    {
      "mode": "managed",
      "type": "aws_secretsmanager_secret",
      "name": "bigip",
      "provider": "provider[\"registry.terraform.io/hashicorp/aws\"]",
      "instances": [
        {
          "schema_version": 0,
          "attributes": {
            "arn": "arn:aws:secretsmanager:us-west-2:793515189053:secret:tf-aws-bigip-bigip-secret-a938-LTwybJ",
            "description": "",
            "force_overwrite_replica_secret": false,
            "id": "arn:aws:secretsmanager:us-west-2:793515189053:secret:tf-aws-bigip-bigip-secret-a938-LTwybJ",
            "kms_key_id": "",
            "name": "tf-aws-bigip-bigip-secret-a938",
            "name_prefix": null,
            "policy": null,
            "recovery_window_in_days": 30,
            "replica": [],
            "rotation_enabled": false,
            "rotation_lambda_arn": "",
            "rotation_rules": [],
            "tags": null,
            "tags_all": {}
          },
          "sensitive_attributes": [],
          "private": "bnVsbA==",
          "dependencies": [
            "random_id.id"
          ]
        }
      ]
    },
    {
      "mode": "managed",
      "type": "aws_secretsmanager_secret_version",
      "name": "bigip-pwd",
      "provider": "provider[\"registry.terraform.io/hashicorp/aws\"]",
      "instances": [
        {
          "schema_version": 0,
          "attributes": {
            "arn": "arn:aws:secretsmanager:us-west-2:793515189053:secret:tf-aws-bigip-bigip-secret-a938-LTwybJ",
            "id": "arn:aws:secretsmanager:us-west-2:793515189053:secret:tf-aws-bigip-bigip-secret-a938-LTwybJ|85403DDB-0D60-463A-9736-2AB5FD8DA69F",
            "secret_binary": "",
            "secret_id": "arn:aws:secretsmanager:us-west-2:793515189053:secret:tf-aws-bigip-bigip-secret-a938-LTwybJ",
            "secret_string": "uDwfjEo8k8RarHC9",
            "version_id": "85403DDB-0D60-463A-9736-2AB5FD8DA69F",
            "version_stages": [
              "AWSCURRENT"
            ]
          },
          "sensitive_attributes": [],
          "private": "bnVsbA==",
          "dependencies": [
            "aws_secretsmanager_secret.bigip",
            "random_id.id",
            "random_string.password"
          ]
        }
      ]
    },
    {
      "mode": "managed",
      "type": "aws_subnet",
      "name": "external-public",
      "provider": "provider[\"registry.terraform.io/hashicorp/aws\"]",
      "instances": [
        {
          "schema_version": 1,
          "attributes": {
            "arn": "arn:aws:ec2:us-west-2:793515189053:subnet/subnet-06a1bb86844d6677e",
            "assign_ipv6_address_on_creation": false,
            "availability_zone": "us-west-2a",
            "availability_zone_id": "usw2-az2",
            "cidr_block": "10.0.2.0/24",
            "customer_owned_ipv4_pool": "",
            "id": "subnet-06a1bb86844d6677e",
            "ipv6_cidr_block": "",
            "ipv6_cidr_block_association_id": "",
            "map_customer_owned_ip_on_launch": false,
            "map_public_ip_on_launch": false,
            "outpost_arn": "",
            "owner_id": "793515189053",
            "tags": {
              "Name": "external"
            },
            "tags_all": {
              "Name": "external"
            },
            "timeouts": null,
            "vpc_id": "vpc-07c65b8d9601d819d"
          },
          "sensitive_attributes": [],
          "private": "eyJlMmJmYjczMC1lY2FhLTExZTYtOGY4OC0zNDM2M2JjN2M0YzAiOnsiY3JlYXRlIjo2MDAwMDAwMDAwMDAsImRlbGV0ZSI6MTIwMDAwMDAwMDAwMH0sInNjaGVtYV92ZXJzaW9uIjoiMSJ9",
          "dependencies": [
            "module.vpc.aws_vpc.this",
            "random_id.id"
          ]
        }
      ]
    },
    {
      "mode": "managed",
      "type": "aws_subnet",
      "name": "mgmt",
      "provider": "provider[\"registry.terraform.io/hashicorp/aws\"]",
      "instances": [
        {
          "schema_version": 1,
          "attributes": {
            "arn": "arn:aws:ec2:us-west-2:793515189053:subnet/subnet-0c914c273bef603f5",
            "assign_ipv6_address_on_creation": false,
            "availability_zone": "us-west-2a",
            "availability_zone_id": "usw2-az2",
            "cidr_block": "10.0.1.0/24",
            "customer_owned_ipv4_pool": "",
            "id": "subnet-0c914c273bef603f5",
            "ipv6_cidr_block": "",
            "ipv6_cidr_block_association_id": "",
            "map_customer_owned_ip_on_launch": false,
            "map_public_ip_on_launch": false,
            "outpost_arn": "",
            "owner_id": "793515189053",
            "tags": {
              "Name": "management"
            },
            "tags_all": {
              "Name": "management"
            },
            "timeouts": null,
            "vpc_id": "vpc-07c65b8d9601d819d"
          },
          "sensitive_attributes": [],
          "private": "eyJlMmJmYjczMC1lY2FhLTExZTYtOGY4OC0zNDM2M2JjN2M0YzAiOnsiY3JlYXRlIjo2MDAwMDAwMDAwMDAsImRlbGV0ZSI6MTIwMDAwMDAwMDAwMH0sInNjaGVtYV92ZXJzaW9uIjoiMSJ9",
          "dependencies": [
            "module.vpc.aws_vpc.this",
            "random_id.id"
          ]
        }
      ]
    },
    {
      "mode": "managed",
      "type": "null_resource",
      "name": "clusterDO",
      "provider": "provider[\"registry.terraform.io/hashicorp/null\"]",
      "instances": [
        {
          "index_key": 0,
          "schema_version": 0,
          "attributes": {
            "id": "971500679493199271",
            "triggers": null
          },
          "sensitive_attributes": [],
          "private": "bnVsbA==",
          "dependencies": [
            "aws_key_pair.generated_key",
            "aws_secretsmanager_secret.bigip",
            "aws_subnet.external-public",
            "aws_subnet.mgmt",
            "module.bigip.aws_eip.ext-pub",
            "module.bigip.aws_eip.mgmt",
            "module.bigip.aws_eip.vip",
            "module.bigip.aws_instance.f5_bigip",
            "module.bigip.aws_network_interface.external_private",
            "module.bigip.aws_network_interface.external_private1",
            "module.bigip.aws_network_interface.mgmt",
            "module.bigip.aws_network_interface.mgmt1",
            "module.bigip.aws_network_interface.private",
            "module.bigip.aws_network_interface.private1",
            "module.bigip.aws_network_interface.public",
            "module.bigip.aws_network_interface.public1",
            "module.bigip.data.aws_ami.f5_ami",
            "module.bigip.data.aws_secretsmanager_secret.password",
            "module.bigip.data.aws_secretsmanager_secret_version.current",
            "module.bigip.data.template_file.clustermemberDO1",
            "module.bigip.data.template_file.clustermemberDO2",
            "module.bigip.data.template_file.clustermemberDO3",
            "module.bigip.data.template_file.user_data_vm0",
            "module.bigip.random_id.module_id",
            "module.bigip.random_string.dynamic_password",
            "module.external-network-security-group-public.aws_security_group.this",
            "module.external-network-security-group-public.aws_security_group.this_name_prefix",
            "module.mgmt-network-security-group.aws_security_group.this",
            "module.mgmt-network-security-group.aws_security_group.this_name_prefix",
            "module.vpc.aws_vpc.this",
            "random_id.id",
            "tls_private_key.example"
          ]
        },
        {
          "index_key": 1,
          "schema_version": 0,
          "attributes": {
            "id": "1782664880417405541",
            "triggers": null
          },
          "sensitive_attributes": [],
          "private": "bnVsbA==",
          "dependencies": [
            "aws_key_pair.generated_key",
            "aws_secretsmanager_secret.bigip",
            "aws_subnet.external-public",
            "aws_subnet.mgmt",
            "module.bigip.aws_eip.ext-pub",
            "module.bigip.aws_eip.mgmt",
            "module.bigip.aws_eip.vip",
            "module.bigip.aws_instance.f5_bigip",
            "module.bigip.aws_network_interface.external_private",
            "module.bigip.aws_network_interface.external_private1",
            "module.bigip.aws_network_interface.mgmt",
            "module.bigip.aws_network_interface.mgmt1",
            "module.bigip.aws_network_interface.private",
            "module.bigip.aws_network_interface.private1",
            "module.bigip.aws_network_interface.public",
            "module.bigip.aws_network_interface.public1",
            "module.bigip.data.aws_ami.f5_ami",
            "module.bigip.data.aws_secretsmanager_secret.password",
            "module.bigip.data.aws_secretsmanager_secret_version.current",
            "module.bigip.data.template_file.clustermemberDO1",
            "module.bigip.data.template_file.clustermemberDO2",
            "module.bigip.data.template_file.clustermemberDO3",
            "module.bigip.data.template_file.user_data_vm0",
            "module.bigip.random_id.module_id",
            "module.bigip.random_string.dynamic_password",
            "module.external-network-security-group-public.aws_security_group.this",
            "module.external-network-security-group-public.aws_security_group.this_name_prefix",
            "module.mgmt-network-security-group.aws_security_group.this",
            "module.mgmt-network-security-group.aws_security_group.this_name_prefix",
            "module.vpc.aws_vpc.this",
            "random_id.id",
            "tls_private_key.example"
          ]
        }
      ]
    },
    {
      "mode": "managed",
      "type": "random_id",
      "name": "id",
      "provider": "provider[\"registry.terraform.io/hashicorp/random\"]",
      "instances": [
        {
          "schema_version": 0,
          "attributes": {
            "b64_std": "qTg=",
            "b64_url": "qTg",
            "byte_length": 2,
            "dec": "43320",
            "hex": "a938",
            "id": "qTg",
            "keepers": null,
            "prefix": null
          },
          "sensitive_attributes": [],
          "private": "bnVsbA==",
          "create_before_destroy": true
        }
      ]
    },
    {
      "mode": "managed",
      "type": "random_string",
      "name": "password",
      "provider": "provider[\"registry.terraform.io/hashicorp/random\"]",
      "instances": [
        {
          "schema_version": 1,
          "attributes": {
            "id": "uDwfjEo8k8RarHC9",
            "keepers": null,
            "length": 16,
            "lower": true,
            "min_lower": 1,
            "min_numeric": 1,
            "min_special": 0,
            "min_upper": 1,
            "number": true,
            "override_special": null,
            "result": "uDwfjEo8k8RarHC9",
            "special": false,
            "upper": true
          },
          "sensitive_attributes": [],
          "private": "eyJzY2hlbWFfdmVyc2lvbiI6IjEifQ=="
        }
      ]
    },
    {
      "mode": "managed",
      "type": "tls_private_key",
      "name": "example",
      "provider": "provider[\"registry.terraform.io/hashicorp/tls\"]",
      "instances": [
        {
          "schema_version": 0,
          "attributes": {
            "algorithm": "RSA",
            "ecdsa_curve": "P224",
            "id": "0600b5911bc6f8a8700eca755f4773eb002db6d4",
            "private_key_pem": "-----BEGIN RSA PRIVATE KEY-----\nMIIJKAIBAAKCAgEA3MOigEx5Oq1Ay7dkZV2FVpZen42sCBbQXMyokxMnSWLHXwp5\nzpzLoaYBJKPd319zeUtOzCwpMAUvPPXo9gEQYweXUcBFUL4+7qZhqVL39YsHSgZV\nzXn2uj1ptAIeyqq+ctfFVtZKJDQ8Y3Rsod1FnQw7sYw3QKggWfkoLHqrKQ4bVuJb\nFaLTsIC3IhLqKTjpRuCx3tAUGe78xkZY+dhcAbN1hst7fgxdkWoE7d2Kj4fCa0Pv\n64WABg4Apdz+dyf+k7qQPOXfj93gqdxtpYlIU1X4lMKbc8qQrKycDMmFG2pzG9yD\n3Ia/TEnBLeelb1mfDz/mAahsPfmkAA/iyTg5eCN8is/bd3Kwoc93mgQ5PLD/9lp5\nXFa+rzxSHwyQM+dswOqzLOAOsoE97wLd+NzBpx/RfdDsCf7A3501o405RasguhQT\nZv5hD/y92vNf1uF4WFBjKWyMIZqyGQGzl9RTduyZHmoBmaW+MwfaOsuVwywuNYPQ\nJfmMAvN9SiWN9eg2MDHpgoh4yEb95dBMrgVcMAHuu9ABr4M1O1GiSFLp+S+qAS8o\n4AtwqJIyleZn8aA+rPYiEB/yjWltR4aqXqFA6d5gDBrXgOr/kuxdNBVUoRZMhmSV\nkqXFUN16jldxQ1Ytcyk5beL/tPtK55nM5UHNd84CPEuc5snYdlOy1OI49dcCAwEA\nAQKCAgB6Ox94Jd9ha5fas1m0/gjbnjoZ4VkEyYzoNLCJbitsaHK23pf+m7XrdHxh\nixFHohPPbrDcPv83BUfYWtd3jbNDAWr46pn2UL+LZzffhn6fxzBr/gH32LWQ/HvQ\nHPRrhgoYj/tFTzSRwxJEhqu3G0p139YVQes9s1jmOBvUNL8b5iGhA4cm/ZZzvXCo\nPwzDci1G/xW8pjza9wWhykVtYCvhDTnfPj7L1ZDg+HBuOyGCwsoUlfL61lnCAHK/\nYxLJaq17oepGrYgQoerIYbGb29zdt1YBF5b2j4t278MfGVzHhzLglEG2Ei1M0fFR\nt1ZTxq1YxipVdKkpz1TMa/9HJgg6wvQvADpjjsKIjfhyQPsykvmJjMO+Ql/8dHTA\n2miouKWK2DnDO8FuBNr+AVOdnRhbieivB4SG785Hvngd29v9+k41tFKO29VMIa79\nJa/qnDHk6rfTWkhWow8XgF2DHZtafdnUdn20+ESvUKoYCYChfhdWZeKAkS7P7Enh\nnARe59GolSg/HxoHURkRyen3LvG/tZT5BYV9t9lKXRGx9Kh2YjGF8b7QYDTSVI+J\n3B28leX0FdgCujA9Eupdyc/Ms0cKstnl2ReS7VEMq7sIldsTtOVR0PM1CFWZWi1c\n7NSlR8NixL8COLvIejashiB+L3zTXhTFkwi9J8cFJyVNxTz8gQKCAQEA+NTQ7ev7\nyLMlz8ldwYC98ggPiYJv7uK8DPVTuDJli45iYTIFtZGf2saU7fIpEQAHyoM4wR4z\nd1BfnBu+xFeroIFKun0cuNiViMHMxubEeDLBtjQjwsY4FwssfwHbhOiLmnVn7m4i\nQF2wVAr9gHUq3xDHHSjw7WKi+2GbM9Nvb0QdnBHkeaVHlzc6PTdWCB1tr8HglaYU\nIlrWbU3Xd5w8BfLEhviHkGfhlB69HOTTtAIyuLCB34mKmpkOM+PQvuB9IlcwClGk\nDMM4cIK4KSvsyGO50eVL3bpDsD+J3HaPSsJc0W/PrhE/BHwkXj7jZiYQQOEUUnH3\n46AoJTujjFebdwKCAQEA4x/RVKe01IR3d0HBUrm2MpJjwmExljkrcF+XyorLmSIH\n6q05BMgZFRxV44Y2UKjpPXx86H8Sc9Fa50tyNezkFt56myesKjb+G5OmEH/JRxRW\nC0yf6g+d8dcFdgfEyFLyB14gZBwVnO5VmM6SQN1TL0te0JXrS817YJvuV32wpXHo\nUdqUHWhuniK7hrJIa1qfOEAHG2HrZslOJNOqJCpX53Dwd6xCiDugXQLpZa+WSOTE\n4k4750xGGuaP5t1A+fwWeuXnZu/4hIYUNbpsc5ciHAl1gvoO9wofVoacnUi3p2aq\nxDJ94d16T15poLBc+zmp/U3Uy6Vvm7QAlrja0o1QoQKCAQAWz6u3pAKZC5NT0Sn/\nK0Y+ge6qtIJ+a9rBdVwPbs9QU+VA880CMC9vZvUQOzr4jAAq2IzDZ3lgXsXlEcYT\nSdY6CKBJKF8RswlCWEHlmhI40q5ffbgpivJpamTR3+G39XmW11yHxyDstaoMilVj\nCVq8yFT4n2A24uv+D5yiy6dTk/MC88D2ReiiPDXilsgURl5f1m44SdlerOUrcA9o\nr7Hw+ah6lx4WZu+PHKJJm9Csl+b+d2/whjNmqNFcgG4KkZnnJAcLayCW6u6podIw\nNA6o8DuAunyR/xlldu20gEnymI7ZxF5NntcgGiFbYniGTMcAq6GpTTlkbLJBd44u\nt3lRAoIBAHpjI9bdRBkchI+z1CvyvNZFghI1c5YCmoDEUjQnVIzhBKkVzNrhxHpW\nuYWQReZzDrQ+R8S07MmSL8zhH9slGsej/SdsWl6pIYbUqjDL2zc9IxyVnrpuzeqK\ntnuitgxIffkwZH3tkEvvNhrQfYkMeo3KrH3zu0YupOQrQmTM6wpL9iddhGDQbIM0\nLh7oJRQMUi3qeqnruwC5Sy2XDWDNnG6vsjSak4N7te9I6WINGwuOkvVruOXreP93\n7GU4JpJOoAJ7rpUOjLlE0tEc8uHat9up0TPR8Yx3XOmwQeaTT7uaHDz7BFBYm1b3\nhi27u2745LwFW7ydGiYp+gM9+1RoJ+ECggEBAJQHFEmUu4BVxWPQ+pN28ocd4ybB\n48De7dUYTSvbJRgajtgdyHf4eMvXZUhqQ+r37YTs1rjEVHPZFbGkAjj5LDND/gGe\nuSd4bWuvUBaWm+ww4dxB3U5MgueXd3zzyoBd8hPWvjMO2zoMTFafcRg6/H5XT1OI\n/tbawAsQMvvJPEWdjSfOkgwe8vnHhaNeep5ZsqRgpTHEq4eysNpU2VGxhhST0urj\n0wh4dWqv/rz5BXjhH9fZdea0jLJPab0Ez9bjmfUilVVeV9IZmuH7FApJSj1lFkux\nX+QgbEP5AhE4Axkpo05oKeW+CutN+p5PqguDkER1GpR5dwppJeWqlYdI9Kg=\n-----END RSA PRIVATE KEY-----\n",
            "public_key_fingerprint_md5": "39:6b:55:fa:54:96:8a:b3:21:3b:b1:00:98:30:85:be",
            "public_key_openssh": "ssh-rsa AAAAB3NzaC1yc2EAAAADAQABAAACAQDcw6KATHk6rUDLt2RlXYVWll6fjawIFtBczKiTEydJYsdfCnnOnMuhpgEko93fX3N5S07MLCkwBS889ej2ARBjB5dRwEVQvj7upmGpUvf1iwdKBlXNefa6PWm0Ah7Kqr5y18VW1kokNDxjdGyh3UWdDDuxjDdAqCBZ+SgseqspDhtW4lsVotOwgLciEuopOOlG4LHe0BQZ7vzGRlj52FwBs3WGy3t+DF2RagTt3YqPh8JrQ+/rhYAGDgCl3P53J/6TupA85d+P3eCp3G2liUhTVfiUwptzypCsrJwMyYUbanMb3IPchr9MScEt56VvWZ8PP+YBqGw9+aQAD+LJODl4I3yKz9t3crChz3eaBDk8sP/2WnlcVr6vPFIfDJAz52zA6rMs4A6ygT3vAt343MGnH9F90OwJ/sDfnTWjjTlFqyC6FBNm/mEP/L3a81/W4XhYUGMpbIwhmrIZAbOX1FN27JkeagGZpb4zB9o6y5XDLC41g9Al+YwC831KJY316DYwMemCiHjIRv3l0EyuBVwwAe670AGvgzU7UaJIUun5L6oBLyjgC3CokjKV5mfxoD6s9iIQH/KNaW1HhqpeoUDp3mAMGteA6v+S7F00FVShFkyGZJWSpcVQ3XqOV3FDVi1zKTlt4v+0+0rnmczlQc13zgI8S5zmydh2U7LU4jj11w==\n",
            "public_key_pem": "-----BEGIN PUBLIC KEY-----\nMIICIjANBgkqhkiG9w0BAQEFAAOCAg8AMIICCgKCAgEA3MOigEx5Oq1Ay7dkZV2F\nVpZen42sCBbQXMyokxMnSWLHXwp5zpzLoaYBJKPd319zeUtOzCwpMAUvPPXo9gEQ\nYweXUcBFUL4+7qZhqVL39YsHSgZVzXn2uj1ptAIeyqq+ctfFVtZKJDQ8Y3Rsod1F\nnQw7sYw3QKggWfkoLHqrKQ4bVuJbFaLTsIC3IhLqKTjpRuCx3tAUGe78xkZY+dhc\nAbN1hst7fgxdkWoE7d2Kj4fCa0Pv64WABg4Apdz+dyf+k7qQPOXfj93gqdxtpYlI\nU1X4lMKbc8qQrKycDMmFG2pzG9yD3Ia/TEnBLeelb1mfDz/mAahsPfmkAA/iyTg5\neCN8is/bd3Kwoc93mgQ5PLD/9lp5XFa+rzxSHwyQM+dswOqzLOAOsoE97wLd+NzB\npx/RfdDsCf7A3501o405RasguhQTZv5hD/y92vNf1uF4WFBjKWyMIZqyGQGzl9RT\nduyZHmoBmaW+MwfaOsuVwywuNYPQJfmMAvN9SiWN9eg2MDHpgoh4yEb95dBMrgVc\nMAHuu9ABr4M1O1GiSFLp+S+qAS8o4AtwqJIyleZn8aA+rPYiEB/yjWltR4aqXqFA\n6d5gDBrXgOr/kuxdNBVUoRZMhmSVkqXFUN16jldxQ1Ytcyk5beL/tPtK55nM5UHN\nd84CPEuc5snYdlOy1OI49dcCAwEAAQ==\n-----END PUBLIC KEY-----\n",
            "rsa_bits": 4096
          },
          "sensitive_attributes": [],
          "private": "bnVsbA=="
        }
      ]
    },
    {
      "module": "module.bigip[0]",
      "mode": "data",
      "type": "aws_ami",
      "name": "f5_ami",
      "provider": "provider[\"registry.terraform.io/hashicorp/aws\"]",
      "instances": [
        {
          "schema_version": 0,
          "attributes": {
            "architecture": "x86_64",
            "arn": "arn:aws:ec2:us-west-2::image/ami-024d009a4e1aa7f28",
            "block_device_mappings": [
              {
                "device_name": "/dev/xvda",
                "ebs": {
                  "delete_on_termination": "true",
                  "encrypted": "false",
                  "iops": "0",
                  "snapshot_id": "snap-06aebdae0ea91abf3",
                  "throughput": "0",
                  "volume_size": "80",
                  "volume_type": "gp2"
                },
                "no_device": "",
                "virtual_name": ""
              }
            ],
            "creation_date": "2021-07-27T15:01:56.000Z",
            "description": "F5 BIGIP-16.0.1.2-0.0.8 PAYG-Best 200Mbps-210707143148",
            "ena_support": true,
            "executable_users": null,
            "filter": [
              {
                "name": "description",
                "values": [
                  "F5 BIGIP-16* PAYG-Best 200Mbps*"
                ]
              }
            ],
            "hypervisor": "xen",
            "id": "ami-024d009a4e1aa7f28",
            "image_id": "ami-024d009a4e1aa7f28",
            "image_location": "aws-marketplace/F5 BIGIP-16.0.1.2-0.0.8 PAYG-Best 200Mbps-210707143148-0d09bfd3-90c5-4b9c-98a2-c3860dbfcd9e",
            "image_owner_alias": "aws-marketplace",
            "image_type": "machine",
            "kernel_id": null,
            "most_recent": true,
            "name": "F5 BIGIP-16.0.1.2-0.0.8 PAYG-Best 200Mbps-210707143148-0d09bfd3-90c5-4b9c-98a2-c3860dbfcd9e",
            "name_regex": null,
            "owner_id": "679593333241",
            "owners": [
              "aws-marketplace"
            ],
            "platform": null,
            "platform_details": "Linux/UNIX",
            "product_codes": [
              {
                "product_code_id": "rsd47wz2xdfqgesz2soj5xum",
                "product_code_type": "marketplace"
              }
            ],
            "public": true,
            "ramdisk_id": null,
            "root_device_name": "/dev/xvda",
            "root_device_type": "ebs",
            "root_snapshot_id": "snap-06aebdae0ea91abf3",
            "sriov_net_support": "simple",
            "state": "available",
            "state_reason": {
              "code": "UNSET",
              "message": "UNSET"
            },
            "tags": {},
            "usage_operation": "RunInstances",
            "virtualization_type": "hvm"
          },
          "sensitive_attributes": []
        }
      ]
    },
    {
      "module": "module.bigip[0]",
      "mode": "data",
      "type": "template_file",
      "name": "clustermemberDO2",
      "provider": "provider[\"registry.terraform.io/hashicorp/template\"]",
      "instances": [
        {
          "index_key": 0,
          "schema_version": 0,
          "attributes": {
            "filename": null,
            "id": "b68ced755d9eaf5b0e7a65fd477f58688a74b853b82110d3d9056505f4854410",
            "rendered": "{\n  \"schemaVersion\": \"1.0.0\",\n  \"class\": \"Device\",\n  \"async\": true,\n  \"label\": \"Onboard BIG-IP\",\n  \"Common\": {\n    \"class\": \"Tenant\",\n    \"mySystem\": {\n      \"class\": \"System\",\n      \"hostname\": \"ec2-52-35-225-86.us-west-2.compute.amazonaws.com\"\n    },\n    \"myDns\": {\n      \"class\": \"DNS\",\n      \"nameServers\": [\n        \"169.254.169.253\"\n      ],\n      \"search\": [\n        \"f5.com\"\n      ]\n    },\n    \"myNtp\": {\n      \"class\": \"NTP\",\n      \"servers\": [\n        \"169.254.169.123\"\n      ],\n      \"timezone\": \"UTC\"\n    },\n    \"subnet-06a1bb86844d6677e\": {\n      \"class\": \"VLAN\",\n      \"tag\": 4093,\n      \"mtu\": 1500,\n      \"interfaces\": [\n        {\n          \"name\": \"1.1\",\n          \"tagged\": false\n        }\n      ],\n      \"cmpHash\": \"dst-ip\"\n    },\n    \"subnet-06a1bb86844d6677e-self\": {\n      \"class\": \"SelfIp\",\n      \"address\": \"10.0.2.164/24\",\n      \"vlan\": \"subnet-06a1bb86844d6677e\",\n      \"allowService\": \"default\",\n      \"trafficGroup\": \"traffic-group-local-only\"\n    },\n    \"default\": {\n      \"class\": \"Route\",\n      \"gw\": \"10.0.2.1\",\n      \"network\": \"default\",\n      \"mtu\": 1500\n    }\n  }\n}\n",
            "template": "{\n  \"schemaVersion\": \"1.0.0\",\n  \"class\": \"Device\",\n  \"async\": true,\n  \"label\": \"Onboard BIG-IP\",\n  \"Common\": {\n    \"class\": \"Tenant\",\n    \"mySystem\": {\n      \"class\": \"System\",\n      \"hostname\": \"${hostname}\"\n    },\n    \"myDns\": {\n      \"class\": \"DNS\",\n      \"nameServers\": [\n        ${name_servers}\n      ],\n      \"search\": [\n        \"f5.com\"\n      ]\n    },\n    \"myNtp\": {\n      \"class\": \"NTP\",\n      \"servers\": [\n        ${ntp_servers}\n      ],\n      \"timezone\": \"UTC\"\n    },\n    \"${vlan-name}\": {\n      \"class\": \"VLAN\",\n      \"tag\": 4093,\n      \"mtu\": 1500,\n      \"interfaces\": [\n        {\n          \"name\": \"1.1\",\n          \"tagged\": false\n        }\n      ],\n      \"cmpHash\": \"dst-ip\"\n    },\n    \"${vlan-name}-self\": {\n      \"class\": \"SelfIp\",\n      \"address\": \"${self-ip}/24\",\n      \"vlan\": \"${vlan-name}\",\n      \"allowService\": \"default\",\n      \"trafficGroup\": \"traffic-group-local-only\"\n    },\n    \"default\": {\n      \"class\": \"Route\",\n      \"gw\": \"${gateway}\",\n      \"network\": \"default\",\n      \"mtu\": 1500\n    }\n  }\n}\n",
            "vars": {
              "gateway": "10.0.2.1",
              "hostname": "ec2-52-35-225-86.us-west-2.compute.amazonaws.com",
              "name_servers": "\"169.254.169.253\"",
              "ntp_servers": "\"169.254.169.123\"",
              "search_domain": "f5.com",
              "self-ip": "10.0.2.164",
              "vlan-name": "subnet-06a1bb86844d6677e"
            }
          },
          "sensitive_attributes": []
        }
      ]
    },
    {
      "module": "module.bigip[0]",
      "mode": "data",
      "type": "template_file",
      "name": "user_data_vm0",
      "provider": "provider[\"registry.terraform.io/hashicorp/template\"]",
      "instances": [
        {
          "schema_version": 0,
          "attributes": {
            "filename": null,
            "id": "5c51a5db6d860e5c07e183adf8e8a58be7af49bd790feb74aad39e3edb828def",
            "rendered": "#!/bin/bash\n\n# Send output to log file and serial console\nmkdir -p  /var/log/cloud /config/cloud /var/config/rest/downloads\nLOG_FILE=/var/log/cloud/startup-script.log\n[[ ! -f $LOG_FILE ]] \u0026\u0026 touch $LOG_FILE || { echo \"Run Only Once. Exiting\"; exit; }\nnpipe=/tmp/$$.tmp\ntrap \"rm -f $npipe\" EXIT\nmknod $npipe p\ntee \u003c$npipe -a $LOG_FILE /dev/ttyS0 \u0026\nexec 1\u003e\u0026-\nexec 1\u003e$npipe\nexec 2\u003e\u00261\n\n# # create user\n# tmsh create auth user bigipuser password 64xs2vBRWjbVav6P shell tmsh partition-access replace-all-with { all-partitions { role admin } }\n\n# save config\ntmsh save sys config\nssh_keypair2=$(cat /home/admin/.ssh/authorized_keys)\n\nmkdir -p /config/cloud\n\ncat \u003c\u003c 'EOF' \u003e /config/cloud/runtime-init-conf.yaml\n---\nruntime_parameters:\n  - name: USER_NAME\n    type: static\n    value: bigipuser\n  - name: SSH_KEYS\n    type: static\nEOF\necho \"    value: $ssh_keypair2\" \u003e\u003e /config/cloud/runtime-init-conf.yaml\n\nif false\nthen\n   cat \u003c\u003c 'EOF' \u003e\u003e /config/cloud/runtime-init-conf.yaml\n  - name: ADMIN_PASS\n    type: secret\n    secretProvider:\n      environment: aws\n      type: SecretsManager\n      version: AWSCURRENT\n      secretId: 64xs2vBRWjbVav6P\nEOF\nelse\n   cat \u003c\u003c 'EOF' \u003e\u003e /config/cloud/runtime-init-conf.yaml\n  - name: ADMIN_PASS\n    type: static\n    value: 64xs2vBRWjbVav6P\nEOF\nfi\n\n# Add remaining runtime_parameters:\ncat \u003c\u003c 'EOF' \u003e\u003e /config/cloud/runtime-init-conf.yaml\npre_onboard_enabled:\n  - name: provision_rest\n    type: inline\n    commands:\n      - /usr/bin/setdb provision.extramb 500\n      - /usr/bin/setdb restjavad.useextramb true\nextension_packages:\n  install_operations:\n    - extensionType: do\n      extensionVersion: v1.21.0\n      extensionUrl: https://github.com/F5Networks/f5-declarative-onboarding/releases/download/v1.21.0/f5-declarative-onboarding-1.21.0-3.noarch.rpm\n    - extensionType: as3\n      extensionVersion: v3.28.0\n      extensionUrl: https://github.com/F5Networks/f5-appsvcs-extension/releases/download/v3.28.0/f5-appsvcs-3.28.0-3.noarch.rpm\n    - extensionType: ts\n      extensionVersion: v1.20.0\n      extensionUrl: https://github.com/F5Networks/f5-telemetry-streaming/releases/download/v1.20.0/f5-telemetry-1.20.0-3.noarch.rpm\n    - extensionType: cf\n      extensionVersion: v1.8.0\n      extensionUrl: https://github.com/F5Networks/f5-cloud-failover-extension/releases/download/v1.8.0/f5-cloud-failover-1.8.0-0.noarch.rpm\n    - extensionType: fast\n      extensionVersion: v1.9.0\n      extensionUrl: https://github.com/F5Networks/f5-appsvcs-templates/releases/download/v1.9.0/f5-appsvcs-templates-1.9.0-1.noarch.rpm\nextension_services:\n  service_operations:\n    - extensionType: do\n      type: url\n      value: https://raw.githubusercontent.com/f5devcentral/terraform-aws-bigip-module/master/config/onboard_do.json\npost_onboard_enabled: []\nEOF\n\n# # Download\n#PACKAGE_URL='https://cdn.f5.com/product/cloudsolutions/f5-bigip-runtime-init/v1.1.0/dist/f5-bigip-runtime-init-1.1.0-1.gz.run'\n#PACKAGE_URL='https://cdn.f5.com/product/cloudsolutions/f5-bigip-runtime-init/v1.2.0/dist/f5-bigip-runtime-init-1.2.0-1.gz.run'\nfor i in {1..30}; do\n    curl -fv --retry 1 --connect-timeout 5 -L https://cdn.f5.com/product/cloudsolutions/f5-bigip-runtime-init/v1.2.1/dist/f5-bigip-runtime-init-1.2.1-1.gz.run -o \"/var/config/rest/downloads/f5-bigip-runtime-init.gz.run\" \u0026\u0026 break || sleep 10\ndone\n# Install\nbash /var/config/rest/downloads/f5-bigip-runtime-init.gz.run -- '--cloud aws'\n# Run\n# export F5_BIGIP_RUNTIME_INIT_LOG_LEVEL=silly\nf5-bigip-runtime-init --config-file /config/cloud/runtime-init-conf.yaml\n",
            "template": "#!/bin/bash\n\n# Send output to log file and serial console\nmkdir -p  /var/log/cloud /config/cloud /var/config/rest/downloads\nLOG_FILE=/var/log/cloud/startup-script.log\n[[ ! -f $LOG_FILE ]] \u0026\u0026 touch $LOG_FILE || { echo \"Run Only Once. Exiting\"; exit; }\nnpipe=/tmp/$$.tmp\ntrap \"rm -f $npipe\" EXIT\nmknod $npipe p\ntee \u003c$npipe -a $LOG_FILE /dev/ttyS0 \u0026\nexec 1\u003e\u0026-\nexec 1\u003e$npipe\nexec 2\u003e\u00261\n\n# # create user\n# tmsh create auth user ${bigip_username} password ${bigip_password} shell tmsh partition-access replace-all-with { all-partitions { role admin } }\n\n# save config\ntmsh save sys config\nssh_keypair2=$(cat /home/admin/.ssh/authorized_keys)\n\nmkdir -p /config/cloud\n\ncat \u003c\u003c 'EOF' \u003e /config/cloud/runtime-init-conf.yaml\n---\nruntime_parameters:\n  - name: USER_NAME\n    type: static\n    value: ${bigip_username}\n  - name: SSH_KEYS\n    type: static\nEOF\necho \"    value: $ssh_keypair2\" \u003e\u003e /config/cloud/runtime-init-conf.yaml\n\nif ${aws_secretmanager_auth}\nthen\n   cat \u003c\u003c 'EOF' \u003e\u003e /config/cloud/runtime-init-conf.yaml\n  - name: ADMIN_PASS\n    type: secret\n    secretProvider:\n      environment: aws\n      type: SecretsManager\n      version: AWSCURRENT\n      secretId: ${bigip_password}\nEOF\nelse\n   cat \u003c\u003c 'EOF' \u003e\u003e /config/cloud/runtime-init-conf.yaml\n  - name: ADMIN_PASS\n    type: static\n    value: ${bigip_password}\nEOF\nfi\n\n# Add remaining runtime_parameters:\ncat \u003c\u003c 'EOF' \u003e\u003e /config/cloud/runtime-init-conf.yaml\npre_onboard_enabled:\n  - name: provision_rest\n    type: inline\n    commands:\n      - /usr/bin/setdb provision.extramb 500\n      - /usr/bin/setdb restjavad.useextramb true\nextension_packages:\n  install_operations:\n    - extensionType: do\n      extensionVersion: ${DO_VER}\n      extensionUrl: ${DO_URL}\n    - extensionType: as3\n      extensionVersion: ${AS3_VER}\n      extensionUrl: ${AS3_URL}\n    - extensionType: ts\n      extensionVersion: ${TS_VER}\n      extensionUrl: ${TS_URL}\n    - extensionType: cf\n      extensionVersion: ${CFE_VER}\n      extensionUrl: ${CFE_URL}\n    - extensionType: fast\n      extensionVersion: ${FAST_VER}\n      extensionUrl: ${FAST_URL}\nextension_services:\n  service_operations:\n    - extensionType: do\n      type: url\n      value: https://raw.githubusercontent.com/f5devcentral/terraform-aws-bigip-module/master/config/onboard_do.json\npost_onboard_enabled: []\nEOF\n\n# # Download\n#PACKAGE_URL='https://cdn.f5.com/product/cloudsolutions/f5-bigip-runtime-init/v1.1.0/dist/f5-bigip-runtime-init-1.1.0-1.gz.run'\n#PACKAGE_URL='https://cdn.f5.com/product/cloudsolutions/f5-bigip-runtime-init/v1.2.0/dist/f5-bigip-runtime-init-1.2.0-1.gz.run'\nfor i in {1..30}; do\n    curl -fv --retry 1 --connect-timeout 5 -L ${INIT_URL} -o \"/var/config/rest/downloads/f5-bigip-runtime-init.gz.run\" \u0026\u0026 break || sleep 10\ndone\n# Install\nbash /var/config/rest/downloads/f5-bigip-runtime-init.gz.run -- '--cloud aws'\n# Run\n# export F5_BIGIP_RUNTIME_INIT_LOG_LEVEL=silly\nf5-bigip-runtime-init --config-file /config/cloud/runtime-init-conf.yaml\n",
            "vars": {
              "AS3_URL": "https://github.com/F5Networks/f5-appsvcs-extension/releases/download/v3.28.0/f5-appsvcs-3.28.0-3.noarch.rpm",
              "AS3_VER": "v3.28.0",
              "CFE_URL": "https://github.com/F5Networks/f5-cloud-failover-extension/releases/download/v1.8.0/f5-cloud-failover-1.8.0-0.noarch.rpm",
              "CFE_VER": "v1.8.0",
              "DO_URL": "https://github.com/F5Networks/f5-declarative-onboarding/releases/download/v1.21.0/f5-declarative-onboarding-1.21.0-3.noarch.rpm",
              "DO_VER": "v1.21.0",
              "FAST_URL": "https://github.com/F5Networks/f5-appsvcs-templates/releases/download/v1.9.0/f5-appsvcs-templates-1.9.0-1.noarch.rpm",
              "FAST_VER": "v1.9.0",
              "INIT_URL": "https://cdn.f5.com/product/cloudsolutions/f5-bigip-runtime-init/v1.2.1/dist/f5-bigip-runtime-init-1.2.1-1.gz.run",
              "TS_URL": "https://github.com/F5Networks/f5-telemetry-streaming/releases/download/v1.20.0/f5-telemetry-1.20.0-3.noarch.rpm",
              "TS_VER": "v1.20.0",
              "aws_secretmanager_auth": "false",
              "bigip_password": "64xs2vBRWjbVav6P",
              "bigip_username": "bigipuser",
              "ssh_keypair": "ssh-rsa AAAAB3NzaC1yc2EAAAADAQABAAACAQClyOcDZJTViTsDSso1DtN6cTj+1sAT5P9G3UW/B+hqdz1qflyukSodaIULx4ULKKUQnqmSVYbstQ/GlPNjj4J9tuzn8uQM8bCLQjzEVPzjzMey1OD2/KA0E/A/cyAsmZW0k/YDmzwgjdMjfPNmhbjJspxpBR1oZYizPtLF74vMjh2kZUMfOIFl/plrtWBLDAc41/VMZIk69Pq4kfR3oUQvZwf3RWAZTPqRsbM/VHqpd4sAs8SqoaiQtbwU52WY6vxb6B0BIOsbFP3A+AtgAKtKE7zHIo1uSt6Pc8g9ofu0glUZeQzfvjnBfF6fqA24WjA5Ss6r7ObKQFjRFitbm+JIgsU5MayqvUwEpjhHMduqtU7hPSnd3DAhYBXtqNExPJGOR9lMHm43Y1dTIWcmEZ+3ZhBhAhiOfodjWCypum685P3ITAnWsRAlubd0P4i9rH/Nvpjd2fshBbCTu0Ubzrh9c5XOraeeORuCoB5BkjOkbLX0iXYMdr3BCkcu2g+rZ5XqBwsT0IzIY2eGC07Fsd2+WRb7Ut/DLuc7/EeWnim1MCWiXXizDNaQoRYPOc//V3nobq1R66DVw1k/EuxIAODi5OJKynMep52gREgRnZFQr2l/dMPw1cXv17YudmDCIH+KNFX9C1tKX7U6jHAJEKH54VkiXj1VMn+QRWdaYLHfHw== chinthalapalli@HYD-ML-00064448\n"
            }
          },
          "sensitive_attributes": []
        }
      ]
    },
    {
      "module": "module.bigip[0]",
      "mode": "managed",
      "type": "aws_eip",
      "name": "ext-pub",
      "provider": "provider[\"registry.terraform.io/hashicorp/aws\"]",
      "instances": [
        {
          "index_key": 0,
          "schema_version": 0,
          "attributes": {
            "address": null,
            "allocation_id": null,
            "associate_with_private_ip": null,
            "association_id": "eipassoc-0d44ea8e060aa9cc4",
            "carrier_ip": "",
            "customer_owned_ip": "",
            "customer_owned_ipv4_pool": "",
            "domain": "vpc",
            "id": "eipalloc-0ecf21c7cdf67975c",
            "instance": "",
            "network_border_group": "us-west-2",
            "network_interface": "eni-095992b56916b26b3",
            "private_dns": "ip-10-0-2-164.us-west-2.compute.internal",
            "private_ip": "10.0.2.164",
            "public_dns": "ec2-35-85-178-65.us-west-2.compute.amazonaws.com",
            "public_ip": "35.85.178.65",
            "public_ipv4_pool": "amazon",
            "tags": null,
            "tags_all": {},
            "timeouts": null,
            "vpc": true
          },
          "sensitive_attributes": [],
          "private": "eyJlMmJmYjczMC1lY2FhLTExZTYtOGY4OC0zNDM2M2JjN2M0YzAiOnsiZGVsZXRlIjoxODAwMDAwMDAwMDAsInJlYWQiOjkwMDAwMDAwMDAwMCwidXBkYXRlIjozMDAwMDAwMDAwMDB9fQ==",
          "dependencies": [
            "aws_subnet.external-public",
            "aws_subnet.mgmt",
            "module.bigip.aws_eip.mgmt",
            "module.bigip.aws_network_interface.mgmt",
            "module.bigip.aws_network_interface.mgmt1",
            "module.bigip.aws_network_interface.public",
            "module.bigip.aws_network_interface.public1",
            "module.bigip.random_id.module_id",
            "module.external-network-security-group-public.aws_security_group.this",
            "module.external-network-security-group-public.aws_security_group.this_name_prefix",
            "module.mgmt-network-security-group.aws_security_group.this",
            "module.mgmt-network-security-group.aws_security_group.this_name_prefix",
            "module.vpc.aws_vpc.this",
            "random_id.id"
          ]
        }
      ]
    },
    {
      "module": "module.bigip[0]",
      "mode": "managed",
      "type": "aws_eip",
      "name": "mgmt",
      "provider": "provider[\"registry.terraform.io/hashicorp/aws\"]",
      "instances": [
        {
          "index_key": 0,
          "schema_version": 0,
          "attributes": {
            "address": null,
            "allocation_id": null,
            "associate_with_private_ip": null,
            "association_id": "eipassoc-0616738d61ba55382",
            "carrier_ip": "",
            "customer_owned_ip": "",
            "customer_owned_ipv4_pool": "",
            "domain": "vpc",
            "id": "eipalloc-00a2a5c8cd54b3196",
            "instance": "",
            "network_border_group": "us-west-2",
            "network_interface": "eni-0349275540c690656",
            "private_dns": "ip-10-0-1-151.us-west-2.compute.internal",
            "private_ip": "10.0.1.151",
            "public_dns": "ec2-52-35-225-86.us-west-2.compute.amazonaws.com",
            "public_ip": "52.35.225.86",
            "public_ipv4_pool": "amazon",
            "tags": null,
            "tags_all": {},
            "timeouts": null,
            "vpc": true
          },
          "sensitive_attributes": [],
          "private": "eyJlMmJmYjczMC1lY2FhLTExZTYtOGY4OC0zNDM2M2JjN2M0YzAiOnsiZGVsZXRlIjoxODAwMDAwMDAwMDAsInJlYWQiOjkwMDAwMDAwMDAwMCwidXBkYXRlIjozMDAwMDAwMDAwMDB9fQ==",
          "dependencies": [
            "aws_subnet.external-public",
            "aws_subnet.mgmt",
            "module.bigip.aws_network_interface.mgmt",
            "module.bigip.aws_network_interface.mgmt1",
            "module.bigip.random_id.module_id",
            "module.external-network-security-group-public.aws_security_group.this",
            "module.external-network-security-group-public.aws_security_group.this_name_prefix",
            "module.mgmt-network-security-group.aws_security_group.this",
            "module.mgmt-network-security-group.aws_security_group.this_name_prefix",
            "module.vpc.aws_vpc.this",
            "random_id.id"
          ]
        }
      ]
    },
    {
      "module": "module.bigip[0]",
      "mode": "managed",
      "type": "aws_eip",
      "name": "vip",
      "provider": "provider[\"registry.terraform.io/hashicorp/aws\"]",
      "instances": [
        {
          "index_key": 0,
          "schema_version": 0,
          "attributes": {
            "address": null,
            "allocation_id": null,
            "associate_with_private_ip": "10.0.2.68",
            "association_id": "eipassoc-0207d629b64291ddc",
            "carrier_ip": "",
            "customer_owned_ip": "",
            "customer_owned_ipv4_pool": "",
            "domain": "vpc",
            "id": "eipalloc-0dc6f1f826a8f8055",
            "instance": "",
            "network_border_group": "us-west-2",
            "network_interface": "eni-095992b56916b26b3",
            "private_dns": "ip-10-0-2-68.us-west-2.compute.internal",
            "private_ip": "10.0.2.68",
            "public_dns": "ec2-100-21-25-68.us-west-2.compute.amazonaws.com",
            "public_ip": "100.21.25.68",
            "public_ipv4_pool": "amazon",
            "tags": null,
            "tags_all": {},
            "timeouts": null,
            "vpc": true
          },
          "sensitive_attributes": [],
          "private": "eyJlMmJmYjczMC1lY2FhLTExZTYtOGY4OC0zNDM2M2JjN2M0YzAiOnsiZGVsZXRlIjoxODAwMDAwMDAwMDAsInJlYWQiOjkwMDAwMDAwMDAwMCwidXBkYXRlIjozMDAwMDAwMDAwMDB9fQ==",
          "dependencies": [
            "aws_subnet.external-public",
            "aws_subnet.mgmt",
            "module.bigip.aws_network_interface.public",
            "module.bigip.aws_network_interface.public1",
            "module.bigip.random_id.module_id",
            "module.external-network-security-group-public.aws_security_group.this",
            "module.external-network-security-group-public.aws_security_group.this_name_prefix",
            "module.mgmt-network-security-group.aws_security_group.this",
            "module.mgmt-network-security-group.aws_security_group.this_name_prefix",
            "module.vpc.aws_vpc.this",
            "random_id.id"
          ]
        }
      ]
    },
    {
      "module": "module.bigip[0]",
      "mode": "managed",
      "type": "aws_instance",
      "name": "f5_bigip",
      "provider": "provider[\"registry.terraform.io/hashicorp/aws\"]",
      "instances": [
        {
          "schema_version": 1,
          "attributes": {
            "ami": "ami-024d009a4e1aa7f28",
            "arn": "arn:aws:ec2:us-west-2:793515189053:instance/i-03382282b940f0c35",
            "associate_public_ip_address": true,
            "availability_zone": "us-west-2a",
            "capacity_reservation_specification": [
              {
                "capacity_reservation_preference": "open",
                "capacity_reservation_target": []
              }
            ],
            "cpu_core_count": 2,
            "cpu_threads_per_core": 2,
            "credit_specification": [],
            "disable_api_termination": false,
            "ebs_block_device": [],
            "ebs_optimized": false,
            "enclave_options": [
              {
                "enabled": false
              }
            ],
            "ephemeral_block_device": [],
            "get_password_data": false,
            "hibernation": false,
            "host_id": null,
            "iam_instance_profile": "",
            "id": "i-03382282b940f0c35",
            "instance_initiated_shutdown_behavior": "stop",
            "instance_state": "running",
            "instance_type": "m5.xlarge",
            "ipv6_address_count": 0,
            "ipv6_addresses": [],
            "key_name": "tf-aws-bigip-tf-demo-key-a938",
            "launch_template": [],
            "metadata_options": [
              {
                "http_endpoint": "enabled",
                "http_put_response_hop_limit": 1,
                "http_tokens": "optional"
              }
            ],
            "monitoring": false,
            "network_interface": [
              {
                "delete_on_termination": false,
                "device_index": 0,
                "network_interface_id": "eni-0349275540c690656"
              },
              {
                "delete_on_termination": false,
                "device_index": 1,
                "network_interface_id": "eni-095992b56916b26b3"
              }
            ],
            "outpost_arn": "",
            "password_data": "",
            "placement_group": "",
            "primary_network_interface_id": "eni-0349275540c690656",
            "private_dns": "ip-10-0-1-151.us-west-2.compute.internal",
            "private_ip": "10.0.1.151",
            "public_dns": "ec2-52-35-225-86.us-west-2.compute.amazonaws.com",
            "public_ip": "52.35.225.86",
            "root_block_device": [
              {
                "delete_on_termination": true,
                "device_name": "/dev/xvda",
                "encrypted": false,
                "iops": 240,
                "kms_key_id": "",
                "tags": null,
                "throughput": 0,
                "volume_id": "vol-0e645a08bc00e1baf",
                "volume_size": 80,
                "volume_type": "gp2"
              }
            ],
            "secondary_private_ips": [],
            "security_groups": [],
            "source_dest_check": true,
            "subnet_id": "subnet-0c914c273bef603f5",
            "tags": {
              "Name": "tf-aws-bigip-2nic-8066"
            },
            "tags_all": {
              "Name": "tf-aws-bigip-2nic-8066"
            },
            "tenancy": "default",
            "timeouts": null,
            "user_data": "0c196b903f46327a6d613881cdd30d0fdfbc16ad",
            "user_data_base64": null,
            "volume_tags": null,
            "vpc_security_group_ids": [
              "sg-049c93f65d427639a"
            ]
          },
          "sensitive_attributes": [],
          "private": "eyJlMmJmYjczMC1lY2FhLTExZTYtOGY4OC0zNDM2M2JjN2M0YzAiOnsiY3JlYXRlIjo2MDAwMDAwMDAwMDAsImRlbGV0ZSI6MTIwMDAwMDAwMDAwMCwidXBkYXRlIjo2MDAwMDAwMDAwMDB9LCJzY2hlbWFfdmVyc2lvbiI6IjEifQ==",
          "dependencies": [
            "aws_key_pair.generated_key",
            "aws_subnet.external-public",
            "aws_subnet.mgmt",
            "module.bigip.aws_eip.mgmt",
            "module.bigip.aws_network_interface.external_private",
            "module.bigip.aws_network_interface.external_private1",
            "module.bigip.aws_network_interface.mgmt",
            "module.bigip.aws_network_interface.mgmt1",
            "module.bigip.aws_network_interface.private",
            "module.bigip.aws_network_interface.private1",
            "module.bigip.aws_network_interface.public",
            "module.bigip.aws_network_interface.public1",
            "module.bigip.data.aws_ami.f5_ami",
            "module.bigip.data.aws_secretsmanager_secret_version.current",
            "module.bigip.data.template_file.user_data_vm0",
            "module.bigip.random_id.module_id",
            "module.bigip.random_string.dynamic_password",
            "module.external-network-security-group-public.aws_security_group.this",
            "module.external-network-security-group-public.aws_security_group.this_name_prefix",
            "module.mgmt-network-security-group.aws_security_group.this",
            "module.mgmt-network-security-group.aws_security_group.this_name_prefix",
            "module.vpc.aws_vpc.this",
            "random_id.id",
            "tls_private_key.example"
          ]
        }
      ]
    },
    {
      "module": "module.bigip[0]",
      "mode": "managed",
      "type": "aws_network_interface",
      "name": "mgmt1",
      "provider": "provider[\"registry.terraform.io/hashicorp/aws\"]",
      "instances": [
        {
          "index_key": 0,
          "schema_version": 0,
          "attributes": {
            "attachment": [],
            "description": "",
            "id": "eni-0349275540c690656",
            "interface_type": "interface",
            "ipv6_address_count": 0,
            "ipv6_addresses": [],
            "mac_address": "06:06:90:6f:1e:9f",
            "outpost_arn": "",
            "private_dns_name": "ip-10-0-1-151.us-west-2.compute.internal",
            "private_ip": "10.0.1.151",
            "private_ips": [
              "10.0.1.151"
            ],
            "private_ips_count": 0,
            "security_groups": [
              "sg-049c93f65d427639a"
            ],
            "source_dest_check": true,
            "subnet_id": "subnet-0c914c273bef603f5",
            "tags": {
              "Name": "BIGIP-Managemt-Interface-0",
              "Prefix": "tf-aws-bigip-2nic-8066"
            },
            "tags_all": {
              "Name": "BIGIP-Managemt-Interface-0",
              "Prefix": "tf-aws-bigip-2nic-8066"
            }
          },
          "sensitive_attributes": [],
          "private": "bnVsbA==",
          "dependencies": [
            "aws_subnet.external-public",
            "aws_subnet.mgmt",
            "module.bigip.random_id.module_id",
            "module.external-network-security-group-public.aws_security_group.this",
            "module.external-network-security-group-public.aws_security_group.this_name_prefix",
            "module.mgmt-network-security-group.aws_security_group.this",
            "module.mgmt-network-security-group.aws_security_group.this_name_prefix",
            "module.vpc.aws_vpc.this",
            "random_id.id"
          ]
        }
      ]
    },
    {
      "module": "module.bigip[0]",
      "mode": "managed",
      "type": "aws_network_interface",
      "name": "public1",
      "provider": "provider[\"registry.terraform.io/hashicorp/aws\"]",
      "instances": [
        {
          "index_key": 0,
          "schema_version": 0,
          "attributes": {
            "attachment": [],
            "description": "",
            "id": "eni-095992b56916b26b3",
            "interface_type": "interface",
            "ipv6_address_count": 0,
            "ipv6_addresses": [],
            "mac_address": "06:17:27:6e:42:19",
            "outpost_arn": "",
            "private_dns_name": "ip-10-0-2-164.us-west-2.compute.internal",
            "private_ip": "10.0.2.164",
            "private_ips": [
              "10.0.2.164",
              "10.0.2.68"
            ],
            "private_ips_count": 1,
            "security_groups": [
              "sg-0827ea2a169138f3f"
            ],
            "source_dest_check": true,
            "subnet_id": "subnet-06a1bb86844d6677e",
            "tags": {
              "Name": "BIGIP-External-Public-Interface-0",
              "Prefix": "tf-aws-bigip-2nic-8066"
            },
            "tags_all": {
              "Name": "BIGIP-External-Public-Interface-0",
              "Prefix": "tf-aws-bigip-2nic-8066"
            }
          },
          "sensitive_attributes": [],
          "private": "bnVsbA==",
          "dependencies": [
            "aws_subnet.external-public",
            "aws_subnet.mgmt",
            "module.bigip.random_id.module_id",
            "module.external-network-security-group-public.aws_security_group.this",
            "module.external-network-security-group-public.aws_security_group.this_name_prefix",
            "module.mgmt-network-security-group.aws_security_group.this",
            "module.mgmt-network-security-group.aws_security_group.this_name_prefix",
            "module.vpc.aws_vpc.this",
            "random_id.id"
          ]
        }
      ]
    },
    {
      "module": "module.bigip[0]",
      "mode": "managed",
      "type": "random_id",
      "name": "module_id",
      "provider": "provider[\"registry.terraform.io/hashicorp/random\"]",
      "instances": [
        {
          "schema_version": 0,
          "attributes": {
            "b64_std": "gGY=",
            "b64_url": "gGY",
            "byte_length": 2,
            "dec": "32870",
            "hex": "8066",
            "id": "gGY",
            "keepers": null,
            "prefix": null
          },
          "sensitive_attributes": [],
          "private": "bnVsbA=="
        }
      ]
    },
    {
      "module": "module.bigip[0]",
      "mode": "managed",
      "type": "random_string",
      "name": "dynamic_password",
      "provider": "provider[\"registry.terraform.io/hashicorp/random\"]",
      "instances": [
        {
          "schema_version": 1,
          "attributes": {
            "id": "64xs2vBRWjbVav6P",
            "keepers": null,
            "length": 16,
            "lower": true,
            "min_lower": 1,
            "min_numeric": 1,
            "min_special": 0,
            "min_upper": 1,
            "number": true,
            "override_special": null,
            "result": "64xs2vBRWjbVav6P",
            "special": false,
            "upper": true
          },
          "sensitive_attributes": [],
          "private": "eyJzY2hlbWFfdmVyc2lvbiI6IjEifQ=="
        }
      ]
    },
    {
      "module": "module.bigip[1]",
      "mode": "data",
      "type": "aws_ami",
      "name": "f5_ami",
      "provider": "provider[\"registry.terraform.io/hashicorp/aws\"]",
      "instances": [
        {
          "schema_version": 0,
          "attributes": {
            "architecture": "x86_64",
            "arn": "arn:aws:ec2:us-west-2::image/ami-024d009a4e1aa7f28",
            "block_device_mappings": [
              {
                "device_name": "/dev/xvda",
                "ebs": {
                  "delete_on_termination": "true",
                  "encrypted": "false",
                  "iops": "0",
                  "snapshot_id": "snap-06aebdae0ea91abf3",
                  "throughput": "0",
                  "volume_size": "80",
                  "volume_type": "gp2"
                },
                "no_device": "",
                "virtual_name": ""
              }
            ],
            "creation_date": "2021-07-27T15:01:56.000Z",
            "description": "F5 BIGIP-16.0.1.2-0.0.8 PAYG-Best 200Mbps-210707143148",
            "ena_support": true,
            "executable_users": null,
            "filter": [
              {
                "name": "description",
                "values": [
                  "F5 BIGIP-16* PAYG-Best 200Mbps*"
                ]
              }
            ],
            "hypervisor": "xen",
            "id": "ami-024d009a4e1aa7f28",
            "image_id": "ami-024d009a4e1aa7f28",
            "image_location": "aws-marketplace/F5 BIGIP-16.0.1.2-0.0.8 PAYG-Best 200Mbps-210707143148-0d09bfd3-90c5-4b9c-98a2-c3860dbfcd9e",
            "image_owner_alias": "aws-marketplace",
            "image_type": "machine",
            "kernel_id": null,
            "most_recent": true,
            "name": "F5 BIGIP-16.0.1.2-0.0.8 PAYG-Best 200Mbps-210707143148-0d09bfd3-90c5-4b9c-98a2-c3860dbfcd9e",
            "name_regex": null,
            "owner_id": "679593333241",
            "owners": [
              "aws-marketplace"
            ],
            "platform": null,
            "platform_details": "Linux/UNIX",
            "product_codes": [
              {
                "product_code_id": "rsd47wz2xdfqgesz2soj5xum",
                "product_code_type": "marketplace"
              }
            ],
            "public": true,
            "ramdisk_id": null,
            "root_device_name": "/dev/xvda",
            "root_device_type": "ebs",
            "root_snapshot_id": "snap-06aebdae0ea91abf3",
            "sriov_net_support": "simple",
            "state": "available",
            "state_reason": {
              "code": "UNSET",
              "message": "UNSET"
            },
            "tags": {},
            "usage_operation": "RunInstances",
            "virtualization_type": "hvm"
          },
          "sensitive_attributes": []
        }
      ]
    },
    {
      "module": "module.bigip[1]",
      "mode": "data",
      "type": "template_file",
      "name": "clustermemberDO2",
      "provider": "provider[\"registry.terraform.io/hashicorp/template\"]",
      "instances": [
        {
          "index_key": 0,
          "schema_version": 0,
          "attributes": {
            "filename": null,
            "id": "cbdf60e55160de80df381efcd47acc96620071ab8033f199d04d3f5e8d8c1130",
            "rendered": "{\n  \"schemaVersion\": \"1.0.0\",\n  \"class\": \"Device\",\n  \"async\": true,\n  \"label\": \"Onboard BIG-IP\",\n  \"Common\": {\n    \"class\": \"Tenant\",\n    \"mySystem\": {\n      \"class\": \"System\",\n      \"hostname\": \"ec2-52-26-68-228.us-west-2.compute.amazonaws.com\"\n    },\n    \"myDns\": {\n      \"class\": \"DNS\",\n      \"nameServers\": [\n        \"169.254.169.253\"\n      ],\n      \"search\": [\n        \"f5.com\"\n      ]\n    },\n    \"myNtp\": {\n      \"class\": \"NTP\",\n      \"servers\": [\n        \"169.254.169.123\"\n      ],\n      \"timezone\": \"UTC\"\n    },\n    \"subnet-06a1bb86844d6677e\": {\n      \"class\": \"VLAN\",\n      \"tag\": 4093,\n      \"mtu\": 1500,\n      \"interfaces\": [\n        {\n          \"name\": \"1.1\",\n          \"tagged\": false\n        }\n      ],\n      \"cmpHash\": \"dst-ip\"\n    },\n    \"subnet-06a1bb86844d6677e-self\": {\n      \"class\": \"SelfIp\",\n      \"address\": \"10.0.2.183/24\",\n      \"vlan\": \"subnet-06a1bb86844d6677e\",\n      \"allowService\": \"default\",\n      \"trafficGroup\": \"traffic-group-local-only\"\n    },\n    \"default\": {\n      \"class\": \"Route\",\n      \"gw\": \"10.0.2.1\",\n      \"network\": \"default\",\n      \"mtu\": 1500\n    }\n  }\n}\n",
            "template": "{\n  \"schemaVersion\": \"1.0.0\",\n  \"class\": \"Device\",\n  \"async\": true,\n  \"label\": \"Onboard BIG-IP\",\n  \"Common\": {\n    \"class\": \"Tenant\",\n    \"mySystem\": {\n      \"class\": \"System\",\n      \"hostname\": \"${hostname}\"\n    },\n    \"myDns\": {\n      \"class\": \"DNS\",\n      \"nameServers\": [\n        ${name_servers}\n      ],\n      \"search\": [\n        \"f5.com\"\n      ]\n    },\n    \"myNtp\": {\n      \"class\": \"NTP\",\n      \"servers\": [\n        ${ntp_servers}\n      ],\n      \"timezone\": \"UTC\"\n    },\n    \"${vlan-name}\": {\n      \"class\": \"VLAN\",\n      \"tag\": 4093,\n      \"mtu\": 1500,\n      \"interfaces\": [\n        {\n          \"name\": \"1.1\",\n          \"tagged\": false\n        }\n      ],\n      \"cmpHash\": \"dst-ip\"\n    },\n    \"${vlan-name}-self\": {\n      \"class\": \"SelfIp\",\n      \"address\": \"${self-ip}/24\",\n      \"vlan\": \"${vlan-name}\",\n      \"allowService\": \"default\",\n      \"trafficGroup\": \"traffic-group-local-only\"\n    },\n    \"default\": {\n      \"class\": \"Route\",\n      \"gw\": \"${gateway}\",\n      \"network\": \"default\",\n      \"mtu\": 1500\n    }\n  }\n}\n",
            "vars": {
              "gateway": "10.0.2.1",
              "hostname": "ec2-52-26-68-228.us-west-2.compute.amazonaws.com",
              "name_servers": "\"169.254.169.253\"",
              "ntp_servers": "\"169.254.169.123\"",
              "search_domain": "f5.com",
              "self-ip": "10.0.2.183",
              "vlan-name": "subnet-06a1bb86844d6677e"
            }
          },
          "sensitive_attributes": []
        }
      ]
    },
    {
      "module": "module.bigip[1]",
      "mode": "data",
      "type": "template_file",
      "name": "user_data_vm0",
      "provider": "provider[\"registry.terraform.io/hashicorp/template\"]",
      "instances": [
        {
          "schema_version": 0,
          "attributes": {
            "filename": null,
            "id": "098a6bd6bc278a02e509f43a453ad9c2dd595533aba283e0efd496553e9ee786",
            "rendered": "#!/bin/bash\n\n# Send output to log file and serial console\nmkdir -p  /var/log/cloud /config/cloud /var/config/rest/downloads\nLOG_FILE=/var/log/cloud/startup-script.log\n[[ ! -f $LOG_FILE ]] \u0026\u0026 touch $LOG_FILE || { echo \"Run Only Once. Exiting\"; exit; }\nnpipe=/tmp/$$.tmp\ntrap \"rm -f $npipe\" EXIT\nmknod $npipe p\ntee \u003c$npipe -a $LOG_FILE /dev/ttyS0 \u0026\nexec 1\u003e\u0026-\nexec 1\u003e$npipe\nexec 2\u003e\u00261\n\n# # create user\n# tmsh create auth user bigipuser password BcktXYk7ofaZH9yf shell tmsh partition-access replace-all-with { all-partitions { role admin } }\n\n# save config\ntmsh save sys config\nssh_keypair2=$(cat /home/admin/.ssh/authorized_keys)\n\nmkdir -p /config/cloud\n\ncat \u003c\u003c 'EOF' \u003e /config/cloud/runtime-init-conf.yaml\n---\nruntime_parameters:\n  - name: USER_NAME\n    type: static\n    value: bigipuser\n  - name: SSH_KEYS\n    type: static\nEOF\necho \"    value: $ssh_keypair2\" \u003e\u003e /config/cloud/runtime-init-conf.yaml\n\nif false\nthen\n   cat \u003c\u003c 'EOF' \u003e\u003e /config/cloud/runtime-init-conf.yaml\n  - name: ADMIN_PASS\n    type: secret\n    secretProvider:\n      environment: aws\n      type: SecretsManager\n      version: AWSCURRENT\n      secretId: BcktXYk7ofaZH9yf\nEOF\nelse\n   cat \u003c\u003c 'EOF' \u003e\u003e /config/cloud/runtime-init-conf.yaml\n  - name: ADMIN_PASS\n    type: static\n    value: BcktXYk7ofaZH9yf\nEOF\nfi\n\n# Add remaining runtime_parameters:\ncat \u003c\u003c 'EOF' \u003e\u003e /config/cloud/runtime-init-conf.yaml\npre_onboard_enabled:\n  - name: provision_rest\n    type: inline\n    commands:\n      - /usr/bin/setdb provision.extramb 500\n      - /usr/bin/setdb restjavad.useextramb true\nextension_packages:\n  install_operations:\n    - extensionType: do\n      extensionVersion: v1.21.0\n      extensionUrl: https://github.com/F5Networks/f5-declarative-onboarding/releases/download/v1.21.0/f5-declarative-onboarding-1.21.0-3.noarch.rpm\n    - extensionType: as3\n      extensionVersion: v3.28.0\n      extensionUrl: https://github.com/F5Networks/f5-appsvcs-extension/releases/download/v3.28.0/f5-appsvcs-3.28.0-3.noarch.rpm\n    - extensionType: ts\n      extensionVersion: v1.20.0\n      extensionUrl: https://github.com/F5Networks/f5-telemetry-streaming/releases/download/v1.20.0/f5-telemetry-1.20.0-3.noarch.rpm\n    - extensionType: cf\n      extensionVersion: v1.8.0\n      extensionUrl: https://github.com/F5Networks/f5-cloud-failover-extension/releases/download/v1.8.0/f5-cloud-failover-1.8.0-0.noarch.rpm\n    - extensionType: fast\n      extensionVersion: v1.9.0\n      extensionUrl: https://github.com/F5Networks/f5-appsvcs-templates/releases/download/v1.9.0/f5-appsvcs-templates-1.9.0-1.noarch.rpm\nextension_services:\n  service_operations:\n    - extensionType: do\n      type: url\n      value: https://raw.githubusercontent.com/f5devcentral/terraform-aws-bigip-module/master/config/onboard_do.json\npost_onboard_enabled: []\nEOF\n\n# # Download\n#PACKAGE_URL='https://cdn.f5.com/product/cloudsolutions/f5-bigip-runtime-init/v1.1.0/dist/f5-bigip-runtime-init-1.1.0-1.gz.run'\n#PACKAGE_URL='https://cdn.f5.com/product/cloudsolutions/f5-bigip-runtime-init/v1.2.0/dist/f5-bigip-runtime-init-1.2.0-1.gz.run'\nfor i in {1..30}; do\n    curl -fv --retry 1 --connect-timeout 5 -L https://cdn.f5.com/product/cloudsolutions/f5-bigip-runtime-init/v1.2.1/dist/f5-bigip-runtime-init-1.2.1-1.gz.run -o \"/var/config/rest/downloads/f5-bigip-runtime-init.gz.run\" \u0026\u0026 break || sleep 10\ndone\n# Install\nbash /var/config/rest/downloads/f5-bigip-runtime-init.gz.run -- '--cloud aws'\n# Run\n# export F5_BIGIP_RUNTIME_INIT_LOG_LEVEL=silly\nf5-bigip-runtime-init --config-file /config/cloud/runtime-init-conf.yaml\n",
            "template": "#!/bin/bash\n\n# Send output to log file and serial console\nmkdir -p  /var/log/cloud /config/cloud /var/config/rest/downloads\nLOG_FILE=/var/log/cloud/startup-script.log\n[[ ! -f $LOG_FILE ]] \u0026\u0026 touch $LOG_FILE || { echo \"Run Only Once. Exiting\"; exit; }\nnpipe=/tmp/$$.tmp\ntrap \"rm -f $npipe\" EXIT\nmknod $npipe p\ntee \u003c$npipe -a $LOG_FILE /dev/ttyS0 \u0026\nexec 1\u003e\u0026-\nexec 1\u003e$npipe\nexec 2\u003e\u00261\n\n# # create user\n# tmsh create auth user ${bigip_username} password ${bigip_password} shell tmsh partition-access replace-all-with { all-partitions { role admin } }\n\n# save config\ntmsh save sys config\nssh_keypair2=$(cat /home/admin/.ssh/authorized_keys)\n\nmkdir -p /config/cloud\n\ncat \u003c\u003c 'EOF' \u003e /config/cloud/runtime-init-conf.yaml\n---\nruntime_parameters:\n  - name: USER_NAME\n    type: static\n    value: ${bigip_username}\n  - name: SSH_KEYS\n    type: static\nEOF\necho \"    value: $ssh_keypair2\" \u003e\u003e /config/cloud/runtime-init-conf.yaml\n\nif ${aws_secretmanager_auth}\nthen\n   cat \u003c\u003c 'EOF' \u003e\u003e /config/cloud/runtime-init-conf.yaml\n  - name: ADMIN_PASS\n    type: secret\n    secretProvider:\n      environment: aws\n      type: SecretsManager\n      version: AWSCURRENT\n      secretId: ${bigip_password}\nEOF\nelse\n   cat \u003c\u003c 'EOF' \u003e\u003e /config/cloud/runtime-init-conf.yaml\n  - name: ADMIN_PASS\n    type: static\n    value: ${bigip_password}\nEOF\nfi\n\n# Add remaining runtime_parameters:\ncat \u003c\u003c 'EOF' \u003e\u003e /config/cloud/runtime-init-conf.yaml\npre_onboard_enabled:\n  - name: provision_rest\n    type: inline\n    commands:\n      - /usr/bin/setdb provision.extramb 500\n      - /usr/bin/setdb restjavad.useextramb true\nextension_packages:\n  install_operations:\n    - extensionType: do\n      extensionVersion: ${DO_VER}\n      extensionUrl: ${DO_URL}\n    - extensionType: as3\n      extensionVersion: ${AS3_VER}\n      extensionUrl: ${AS3_URL}\n    - extensionType: ts\n      extensionVersion: ${TS_VER}\n      extensionUrl: ${TS_URL}\n    - extensionType: cf\n      extensionVersion: ${CFE_VER}\n      extensionUrl: ${CFE_URL}\n    - extensionType: fast\n      extensionVersion: ${FAST_VER}\n      extensionUrl: ${FAST_URL}\nextension_services:\n  service_operations:\n    - extensionType: do\n      type: url\n      value: https://raw.githubusercontent.com/f5devcentral/terraform-aws-bigip-module/master/config/onboard_do.json\npost_onboard_enabled: []\nEOF\n\n# # Download\n#PACKAGE_URL='https://cdn.f5.com/product/cloudsolutions/f5-bigip-runtime-init/v1.1.0/dist/f5-bigip-runtime-init-1.1.0-1.gz.run'\n#PACKAGE_URL='https://cdn.f5.com/product/cloudsolutions/f5-bigip-runtime-init/v1.2.0/dist/f5-bigip-runtime-init-1.2.0-1.gz.run'\nfor i in {1..30}; do\n    curl -fv --retry 1 --connect-timeout 5 -L ${INIT_URL} -o \"/var/config/rest/downloads/f5-bigip-runtime-init.gz.run\" \u0026\u0026 break || sleep 10\ndone\n# Install\nbash /var/config/rest/downloads/f5-bigip-runtime-init.gz.run -- '--cloud aws'\n# Run\n# export F5_BIGIP_RUNTIME_INIT_LOG_LEVEL=silly\nf5-bigip-runtime-init --config-file /config/cloud/runtime-init-conf.yaml\n",
            "vars": {
              "AS3_URL": "https://github.com/F5Networks/f5-appsvcs-extension/releases/download/v3.28.0/f5-appsvcs-3.28.0-3.noarch.rpm",
              "AS3_VER": "v3.28.0",
              "CFE_URL": "https://github.com/F5Networks/f5-cloud-failover-extension/releases/download/v1.8.0/f5-cloud-failover-1.8.0-0.noarch.rpm",
              "CFE_VER": "v1.8.0",
              "DO_URL": "https://github.com/F5Networks/f5-declarative-onboarding/releases/download/v1.21.0/f5-declarative-onboarding-1.21.0-3.noarch.rpm",
              "DO_VER": "v1.21.0",
              "FAST_URL": "https://github.com/F5Networks/f5-appsvcs-templates/releases/download/v1.9.0/f5-appsvcs-templates-1.9.0-1.noarch.rpm",
              "FAST_VER": "v1.9.0",
              "INIT_URL": "https://cdn.f5.com/product/cloudsolutions/f5-bigip-runtime-init/v1.2.1/dist/f5-bigip-runtime-init-1.2.1-1.gz.run",
              "TS_URL": "https://github.com/F5Networks/f5-telemetry-streaming/releases/download/v1.20.0/f5-telemetry-1.20.0-3.noarch.rpm",
              "TS_VER": "v1.20.0",
              "aws_secretmanager_auth": "false",
              "bigip_password": "BcktXYk7ofaZH9yf",
              "bigip_username": "bigipuser",
              "ssh_keypair": "ssh-rsa AAAAB3NzaC1yc2EAAAADAQABAAACAQClyOcDZJTViTsDSso1DtN6cTj+1sAT5P9G3UW/B+hqdz1qflyukSodaIULx4ULKKUQnqmSVYbstQ/GlPNjj4J9tuzn8uQM8bCLQjzEVPzjzMey1OD2/KA0E/A/cyAsmZW0k/YDmzwgjdMjfPNmhbjJspxpBR1oZYizPtLF74vMjh2kZUMfOIFl/plrtWBLDAc41/VMZIk69Pq4kfR3oUQvZwf3RWAZTPqRsbM/VHqpd4sAs8SqoaiQtbwU52WY6vxb6B0BIOsbFP3A+AtgAKtKE7zHIo1uSt6Pc8g9ofu0glUZeQzfvjnBfF6fqA24WjA5Ss6r7ObKQFjRFitbm+JIgsU5MayqvUwEpjhHMduqtU7hPSnd3DAhYBXtqNExPJGOR9lMHm43Y1dTIWcmEZ+3ZhBhAhiOfodjWCypum685P3ITAnWsRAlubd0P4i9rH/Nvpjd2fshBbCTu0Ubzrh9c5XOraeeORuCoB5BkjOkbLX0iXYMdr3BCkcu2g+rZ5XqBwsT0IzIY2eGC07Fsd2+WRb7Ut/DLuc7/EeWnim1MCWiXXizDNaQoRYPOc//V3nobq1R66DVw1k/EuxIAODi5OJKynMep52gREgRnZFQr2l/dMPw1cXv17YudmDCIH+KNFX9C1tKX7U6jHAJEKH54VkiXj1VMn+QRWdaYLHfHw== chinthalapalli@HYD-ML-00064448\n"
            }
          },
          "sensitive_attributes": []
        }
      ]
    },
    {
      "module": "module.bigip[1]",
      "mode": "managed",
      "type": "aws_eip",
      "name": "ext-pub",
      "provider": "provider[\"registry.terraform.io/hashicorp/aws\"]",
      "instances": [
        {
          "index_key": 0,
          "schema_version": 0,
          "attributes": {
            "address": null,
            "allocation_id": null,
            "associate_with_private_ip": null,
            "association_id": "eipassoc-02572fcce37ec205d",
            "carrier_ip": "",
            "customer_owned_ip": "",
            "customer_owned_ipv4_pool": "",
            "domain": "vpc",
            "id": "eipalloc-0b6a438ec353de2f3",
            "instance": "",
            "network_border_group": "us-west-2",
            "network_interface": "eni-04a564acea62bcaa5",
            "private_dns": "ip-10-0-2-183.us-west-2.compute.internal",
            "private_ip": "10.0.2.183",
            "public_dns": "ec2-35-86-57-196.us-west-2.compute.amazonaws.com",
            "public_ip": "35.86.57.196",
            "public_ipv4_pool": "amazon",
            "tags": null,
            "tags_all": {},
            "timeouts": null,
            "vpc": true
          },
          "sensitive_attributes": [],
          "private": "eyJlMmJmYjczMC1lY2FhLTExZTYtOGY4OC0zNDM2M2JjN2M0YzAiOnsiZGVsZXRlIjoxODAwMDAwMDAwMDAsInJlYWQiOjkwMDAwMDAwMDAwMCwidXBkYXRlIjozMDAwMDAwMDAwMDB9fQ==",
          "dependencies": [
            "aws_subnet.external-public",
            "aws_subnet.mgmt",
            "module.bigip.aws_eip.mgmt",
            "module.bigip.aws_network_interface.mgmt",
            "module.bigip.aws_network_interface.mgmt1",
            "module.bigip.aws_network_interface.public",
            "module.bigip.aws_network_interface.public1",
            "module.bigip.random_id.module_id",
            "module.external-network-security-group-public.aws_security_group.this",
            "module.external-network-security-group-public.aws_security_group.this_name_prefix",
            "module.mgmt-network-security-group.aws_security_group.this",
            "module.mgmt-network-security-group.aws_security_group.this_name_prefix",
            "module.vpc.aws_vpc.this",
            "random_id.id"
          ]
        }
      ]
    },
    {
      "module": "module.bigip[1]",
      "mode": "managed",
      "type": "aws_eip",
      "name": "mgmt",
      "provider": "provider[\"registry.terraform.io/hashicorp/aws\"]",
      "instances": [
        {
          "index_key": 0,
          "schema_version": 0,
          "attributes": {
            "address": null,
            "allocation_id": null,
            "associate_with_private_ip": null,
            "association_id": "eipassoc-0d62116865607be30",
            "carrier_ip": "",
            "customer_owned_ip": "",
            "customer_owned_ipv4_pool": "",
            "domain": "vpc",
            "id": "eipalloc-094997bf42c630ac5",
            "instance": "",
            "network_border_group": "us-west-2",
            "network_interface": "eni-084b9c5626d7bbd92",
            "private_dns": "ip-10-0-1-201.us-west-2.compute.internal",
            "private_ip": "10.0.1.201",
            "public_dns": "ec2-52-26-68-228.us-west-2.compute.amazonaws.com",
            "public_ip": "52.26.68.228",
            "public_ipv4_pool": "amazon",
            "tags": null,
            "tags_all": {},
            "timeouts": null,
            "vpc": true
          },
          "sensitive_attributes": [],
          "private": "eyJlMmJmYjczMC1lY2FhLTExZTYtOGY4OC0zNDM2M2JjN2M0YzAiOnsiZGVsZXRlIjoxODAwMDAwMDAwMDAsInJlYWQiOjkwMDAwMDAwMDAwMCwidXBkYXRlIjozMDAwMDAwMDAwMDB9fQ==",
          "dependencies": [
            "aws_subnet.external-public",
            "aws_subnet.mgmt",
            "module.bigip.aws_network_interface.mgmt",
            "module.bigip.aws_network_interface.mgmt1",
            "module.bigip.random_id.module_id",
            "module.external-network-security-group-public.aws_security_group.this",
            "module.external-network-security-group-public.aws_security_group.this_name_prefix",
            "module.mgmt-network-security-group.aws_security_group.this",
            "module.mgmt-network-security-group.aws_security_group.this_name_prefix",
            "module.vpc.aws_vpc.this",
            "random_id.id"
          ]
        }
      ]
    },
    {
      "module": "module.bigip[1]",
      "mode": "managed",
      "type": "aws_eip",
      "name": "vip",
      "provider": "provider[\"registry.terraform.io/hashicorp/aws\"]",
      "instances": [
        {
          "index_key": 0,
          "schema_version": 0,
          "attributes": {
            "address": null,
            "allocation_id": null,
            "associate_with_private_ip": "10.0.2.170",
            "association_id": "eipassoc-08edaa1a57c1c0bc1",
            "carrier_ip": "",
            "customer_owned_ip": "",
            "customer_owned_ipv4_pool": "",
            "domain": "vpc",
            "id": "eipalloc-0fa046198c21fc525",
            "instance": "",
            "network_border_group": "us-west-2",
            "network_interface": "eni-04a564acea62bcaa5",
            "private_dns": "ip-10-0-2-170.us-west-2.compute.internal",
            "private_ip": "10.0.2.170",
            "public_dns": "ec2-34-208-253-215.us-west-2.compute.amazonaws.com",
            "public_ip": "34.208.253.215",
            "public_ipv4_pool": "amazon",
            "tags": null,
            "tags_all": {},
            "timeouts": null,
            "vpc": true
          },
          "sensitive_attributes": [],
          "private": "eyJlMmJmYjczMC1lY2FhLTExZTYtOGY4OC0zNDM2M2JjN2M0YzAiOnsiZGVsZXRlIjoxODAwMDAwMDAwMDAsInJlYWQiOjkwMDAwMDAwMDAwMCwidXBkYXRlIjozMDAwMDAwMDAwMDB9fQ==",
          "dependencies": [
            "aws_subnet.external-public",
            "aws_subnet.mgmt",
            "module.bigip.aws_network_interface.public",
            "module.bigip.aws_network_interface.public1",
            "module.bigip.random_id.module_id",
            "module.external-network-security-group-public.aws_security_group.this",
            "module.external-network-security-group-public.aws_security_group.this_name_prefix",
            "module.mgmt-network-security-group.aws_security_group.this",
            "module.mgmt-network-security-group.aws_security_group.this_name_prefix",
            "module.vpc.aws_vpc.this",
            "random_id.id"
          ]
        }
      ]
    },
    {
      "module": "module.bigip[1]",
      "mode": "managed",
      "type": "aws_instance",
      "name": "f5_bigip",
      "provider": "provider[\"registry.terraform.io/hashicorp/aws\"]",
      "instances": [
        {
          "schema_version": 1,
          "attributes": {
            "ami": "ami-024d009a4e1aa7f28",
            "arn": "arn:aws:ec2:us-west-2:793515189053:instance/i-0b9bb95bc25d18ccc",
            "associate_public_ip_address": true,
            "availability_zone": "us-west-2a",
            "capacity_reservation_specification": [
              {
                "capacity_reservation_preference": "open",
                "capacity_reservation_target": []
              }
            ],
            "cpu_core_count": 2,
            "cpu_threads_per_core": 2,
            "credit_specification": [],
            "disable_api_termination": false,
            "ebs_block_device": [],
            "ebs_optimized": false,
            "enclave_options": [
              {
                "enabled": false
              }
            ],
            "ephemeral_block_device": [],
            "get_password_data": false,
            "hibernation": false,
            "host_id": null,
            "iam_instance_profile": "",
            "id": "i-0b9bb95bc25d18ccc",
            "instance_initiated_shutdown_behavior": "stop",
            "instance_state": "running",
            "instance_type": "m5.xlarge",
            "ipv6_address_count": 0,
            "ipv6_addresses": [],
            "key_name": "tf-aws-bigip-tf-demo-key-a938",
            "launch_template": [],
            "metadata_options": [
              {
                "http_endpoint": "enabled",
                "http_put_response_hop_limit": 1,
                "http_tokens": "optional"
              }
            ],
            "monitoring": false,
            "network_interface": [
              {
                "delete_on_termination": false,
                "device_index": 0,
                "network_interface_id": "eni-084b9c5626d7bbd92"
              },
              {
                "delete_on_termination": false,
                "device_index": 1,
                "network_interface_id": "eni-04a564acea62bcaa5"
              }
            ],
            "outpost_arn": "",
            "password_data": "",
            "placement_group": "",
            "primary_network_interface_id": "eni-084b9c5626d7bbd92",
            "private_dns": "ip-10-0-1-201.us-west-2.compute.internal",
            "private_ip": "10.0.1.201",
            "public_dns": "ec2-52-26-68-228.us-west-2.compute.amazonaws.com",
            "public_ip": "52.26.68.228",
            "root_block_device": [
              {
                "delete_on_termination": true,
                "device_name": "/dev/xvda",
                "encrypted": false,
                "iops": 240,
                "kms_key_id": "",
                "tags": null,
                "throughput": 0,
                "volume_id": "vol-015f38014c0ada4e1",
                "volume_size": 80,
                "volume_type": "gp2"
              }
            ],
            "secondary_private_ips": [],
            "security_groups": [],
            "source_dest_check": true,
            "subnet_id": "subnet-0c914c273bef603f5",
            "tags": {
              "Name": "tf-aws-bigip-2nic-f292"
            },
            "tags_all": {
              "Name": "tf-aws-bigip-2nic-f292"
            },
            "tenancy": "default",
            "timeouts": null,
            "user_data": "33efed70275d95bdf99f3115fdc50ed89c909fdf",
            "user_data_base64": null,
            "volume_tags": null,
            "vpc_security_group_ids": [
              "sg-049c93f65d427639a"
            ]
          },
          "sensitive_attributes": [],
          "private": "eyJlMmJmYjczMC1lY2FhLTExZTYtOGY4OC0zNDM2M2JjN2M0YzAiOnsiY3JlYXRlIjo2MDAwMDAwMDAwMDAsImRlbGV0ZSI6MTIwMDAwMDAwMDAwMCwidXBkYXRlIjo2MDAwMDAwMDAwMDB9LCJzY2hlbWFfdmVyc2lvbiI6IjEifQ==",
          "dependencies": [
            "aws_key_pair.generated_key",
            "aws_subnet.external-public",
            "aws_subnet.mgmt",
            "module.bigip.aws_eip.mgmt",
            "module.bigip.aws_network_interface.external_private",
            "module.bigip.aws_network_interface.external_private1",
            "module.bigip.aws_network_interface.mgmt",
            "module.bigip.aws_network_interface.mgmt1",
            "module.bigip.aws_network_interface.private",
            "module.bigip.aws_network_interface.private1",
            "module.bigip.aws_network_interface.public",
            "module.bigip.aws_network_interface.public1",
            "module.bigip.data.aws_ami.f5_ami",
            "module.bigip.data.aws_secretsmanager_secret_version.current",
            "module.bigip.data.template_file.user_data_vm0",
            "module.bigip.random_id.module_id",
            "module.bigip.random_string.dynamic_password",
            "module.external-network-security-group-public.aws_security_group.this",
            "module.external-network-security-group-public.aws_security_group.this_name_prefix",
            "module.mgmt-network-security-group.aws_security_group.this",
            "module.mgmt-network-security-group.aws_security_group.this_name_prefix",
            "module.vpc.aws_vpc.this",
            "random_id.id",
            "tls_private_key.example"
          ]
        }
      ]
    },
    {
      "module": "module.bigip[1]",
      "mode": "managed",
      "type": "aws_network_interface",
      "name": "mgmt1",
      "provider": "provider[\"registry.terraform.io/hashicorp/aws\"]",
      "instances": [
        {
          "index_key": 0,
          "schema_version": 0,
          "attributes": {
            "attachment": [],
            "description": "",
            "id": "eni-084b9c5626d7bbd92",
            "interface_type": "interface",
            "ipv6_address_count": 0,
            "ipv6_addresses": [],
            "mac_address": "06:2c:33:9a:44:f1",
            "outpost_arn": "",
            "private_dns_name": "ip-10-0-1-201.us-west-2.compute.internal",
            "private_ip": "10.0.1.201",
            "private_ips": [
              "10.0.1.201"
            ],
            "private_ips_count": 0,
            "security_groups": [
              "sg-049c93f65d427639a"
            ],
            "source_dest_check": true,
            "subnet_id": "subnet-0c914c273bef603f5",
            "tags": {
              "Name": "BIGIP-Managemt-Interface-0",
              "Prefix": "tf-aws-bigip-2nic-f292"
            },
            "tags_all": {
              "Name": "BIGIP-Managemt-Interface-0",
              "Prefix": "tf-aws-bigip-2nic-f292"
            }
          },
          "sensitive_attributes": [],
          "private": "bnVsbA==",
          "dependencies": [
            "aws_subnet.external-public",
            "aws_subnet.mgmt",
            "module.bigip.random_id.module_id",
            "module.external-network-security-group-public.aws_security_group.this",
            "module.external-network-security-group-public.aws_security_group.this_name_prefix",
            "module.mgmt-network-security-group.aws_security_group.this",
            "module.mgmt-network-security-group.aws_security_group.this_name_prefix",
            "module.vpc.aws_vpc.this",
            "random_id.id"
          ]
        }
      ]
    },
    {
      "module": "module.bigip[1]",
      "mode": "managed",
      "type": "aws_network_interface",
      "name": "public1",
      "provider": "provider[\"registry.terraform.io/hashicorp/aws\"]",
      "instances": [
        {
          "index_key": 0,
          "schema_version": 0,
          "attributes": {
            "attachment": [],
            "description": "",
            "id": "eni-04a564acea62bcaa5",
            "interface_type": "interface",
            "ipv6_address_count": 0,
            "ipv6_addresses": [],
            "mac_address": "06:59:54:51:ef:39",
            "outpost_arn": "",
            "private_dns_name": "ip-10-0-2-183.us-west-2.compute.internal",
            "private_ip": "10.0.2.183",
            "private_ips": [
              "10.0.2.170",
              "10.0.2.183"
            ],
            "private_ips_count": 1,
            "security_groups": [
              "sg-0827ea2a169138f3f"
            ],
            "source_dest_check": true,
            "subnet_id": "subnet-06a1bb86844d6677e",
            "tags": {
              "Name": "BIGIP-External-Public-Interface-0",
              "Prefix": "tf-aws-bigip-2nic-f292"
            },
            "tags_all": {
              "Name": "BIGIP-External-Public-Interface-0",
              "Prefix": "tf-aws-bigip-2nic-f292"
            }
          },
          "sensitive_attributes": [],
          "private": "bnVsbA==",
          "dependencies": [
            "aws_subnet.external-public",
            "aws_subnet.mgmt",
            "module.bigip.random_id.module_id",
            "module.external-network-security-group-public.aws_security_group.this",
            "module.external-network-security-group-public.aws_security_group.this_name_prefix",
            "module.mgmt-network-security-group.aws_security_group.this",
            "module.mgmt-network-security-group.aws_security_group.this_name_prefix",
            "module.vpc.aws_vpc.this",
            "random_id.id"
          ]
        }
      ]
    },
    {
      "module": "module.bigip[1]",
      "mode": "managed",
      "type": "random_id",
      "name": "module_id",
      "provider": "provider[\"registry.terraform.io/hashicorp/random\"]",
      "instances": [
        {
          "schema_version": 0,
          "attributes": {
            "b64_std": "8pI=",
            "b64_url": "8pI",
            "byte_length": 2,
            "dec": "62098",
            "hex": "f292",
            "id": "8pI",
            "keepers": null,
            "prefix": null
          },
          "sensitive_attributes": [],
          "private": "bnVsbA=="
        }
      ]
    },
    {
      "module": "module.bigip[1]",
      "mode": "managed",
      "type": "random_string",
      "name": "dynamic_password",
      "provider": "provider[\"registry.terraform.io/hashicorp/random\"]",
      "instances": [
        {
          "schema_version": 1,
          "attributes": {
            "id": "BcktXYk7ofaZH9yf",
            "keepers": null,
            "length": 16,
            "lower": true,
            "min_lower": 1,
            "min_numeric": 1,
            "min_special": 0,
            "min_upper": 1,
            "number": true,
            "override_special": null,
            "result": "BcktXYk7ofaZH9yf",
            "special": false,
            "upper": true
          },
          "sensitive_attributes": [],
          "private": "eyJzY2hlbWFfdmVyc2lvbiI6IjEifQ=="
        }
      ]
    },
    {
      "module": "module.external-network-security-group-public",
      "mode": "managed",
      "type": "aws_security_group",
      "name": "this_name_prefix",
      "provider": "provider[\"registry.terraform.io/hashicorp/aws\"]",
      "instances": [
        {
          "index_key": 0,
          "schema_version": 1,
          "attributes": {
            "arn": "arn:aws:ec2:us-west-2:793515189053:security-group/sg-0827ea2a169138f3f",
            "description": "Security group for BIG-IP ",
            "egress": [],
            "id": "sg-0827ea2a169138f3f",
            "ingress": [],
            "name": "tf-aws-bigip-external-public-nsg-a938-20211011184548822000000002",
            "name_prefix": "tf-aws-bigip-external-public-nsg-a938-",
            "owner_id": "793515189053",
            "revoke_rules_on_delete": false,
            "tags": {
              "Name": "tf-aws-bigip-external-public-nsg-a938"
            },
            "tags_all": {
              "Name": "tf-aws-bigip-external-public-nsg-a938"
            },
            "timeouts": null,
            "vpc_id": "vpc-07c65b8d9601d819d"
          },
          "sensitive_attributes": [],
          "private": "eyJlMmJmYjczMC1lY2FhLTExZTYtOGY4OC0zNDM2M2JjN2M0YzAiOnsiY3JlYXRlIjo2MDAwMDAwMDAwMDAsImRlbGV0ZSI6OTAwMDAwMDAwMDAwfSwic2NoZW1hX3ZlcnNpb24iOiIxIn0=",
          "dependencies": [
            "module.vpc.aws_vpc.this",
            "random_id.id"
          ],
          "create_before_destroy": true
        }
      ]
    },
    {
      "module": "module.external-network-security-group-public",
      "mode": "managed",
      "type": "aws_security_group_rule",
      "name": "egress_rules",
      "provider": "provider[\"registry.terraform.io/hashicorp/aws\"]",
      "instances": [
        {
          "index_key": 0,
          "schema_version": 2,
          "attributes": {
            "cidr_blocks": [
              "0.0.0.0/0"
            ],
            "description": "All protocols",
            "from_port": -1,
            "id": "sgrule-2897449713",
            "ipv6_cidr_blocks": [
              "::/0"
            ],
            "prefix_list_ids": [],
            "protocol": "-1",
            "security_group_id": "sg-0827ea2a169138f3f",
            "self": false,
            "source_security_group_id": null,
            "to_port": -1,
            "type": "egress"
          },
          "sensitive_attributes": [],
          "private": "eyJzY2hlbWFfdmVyc2lvbiI6IjIifQ==",
          "dependencies": [
            "module.external-network-security-group-public.aws_security_group.this",
            "module.external-network-security-group-public.aws_security_group.this_name_prefix",
            "module.vpc.aws_vpc.this",
            "random_id.id"
          ]
        }
      ]
    },
    {
      "module": "module.external-network-security-group-public",
      "mode": "managed",
      "type": "aws_security_group_rule",
      "name": "ingress_rules",
      "provider": "provider[\"registry.terraform.io/hashicorp/aws\"]",
      "instances": [
        {
          "index_key": 0,
          "schema_version": 2,
          "attributes": {
            "cidr_blocks": [
              "0.0.0.0/0"
            ],
            "description": "HTTP",
            "from_port": 80,
            "id": "sgrule-3643055242",
            "ipv6_cidr_blocks": [],
            "prefix_list_ids": [],
            "protocol": "tcp",
            "security_group_id": "sg-0827ea2a169138f3f",
            "self": false,
            "source_security_group_id": null,
            "to_port": 80,
            "type": "ingress"
          },
          "sensitive_attributes": [],
          "private": "eyJzY2hlbWFfdmVyc2lvbiI6IjIifQ==",
          "dependencies": [
            "module.external-network-security-group-public.aws_security_group.this",
            "module.external-network-security-group-public.aws_security_group.this_name_prefix",
            "module.vpc.aws_vpc.this",
            "random_id.id"
          ]
        },
        {
          "index_key": 1,
          "schema_version": 2,
          "attributes": {
            "cidr_blocks": [
              "0.0.0.0/0"
            ],
            "description": "HTTPS",
            "from_port": 443,
            "id": "sgrule-2666927224",
            "ipv6_cidr_blocks": [],
            "prefix_list_ids": [],
            "protocol": "tcp",
            "security_group_id": "sg-0827ea2a169138f3f",
            "self": false,
            "source_security_group_id": null,
            "to_port": 443,
            "type": "ingress"
          },
          "sensitive_attributes": [],
          "private": "eyJzY2hlbWFfdmVyc2lvbiI6IjIifQ==",
          "dependencies": [
            "module.external-network-security-group-public.aws_security_group.this",
            "module.external-network-security-group-public.aws_security_group.this_name_prefix",
            "module.vpc.aws_vpc.this",
            "random_id.id"
          ]
        }
      ]
    },
    {
      "module": "module.mgmt-network-security-group",
      "mode": "managed",
      "type": "aws_security_group",
      "name": "this_name_prefix",
      "provider": "provider[\"registry.terraform.io/hashicorp/aws\"]",
      "instances": [
        {
          "index_key": 0,
          "schema_version": 1,
          "attributes": {
            "arn": "arn:aws:ec2:us-west-2:793515189053:security-group/sg-049c93f65d427639a",
            "description": "Security group for BIG-IP Management",
            "egress": [],
            "id": "sg-049c93f65d427639a",
            "ingress": [],
            "name": "tf-aws-bigip-mgmt-nsg-a938-20211011184548821900000001",
            "name_prefix": "tf-aws-bigip-mgmt-nsg-a938-",
            "owner_id": "793515189053",
            "revoke_rules_on_delete": false,
            "tags": {
              "Name": "tf-aws-bigip-mgmt-nsg-a938"
            },
            "tags_all": {
              "Name": "tf-aws-bigip-mgmt-nsg-a938"
            },
            "timeouts": null,
            "vpc_id": "vpc-07c65b8d9601d819d"
          },
          "sensitive_attributes": [],
          "private": "eyJlMmJmYjczMC1lY2FhLTExZTYtOGY4OC0zNDM2M2JjN2M0YzAiOnsiY3JlYXRlIjo2MDAwMDAwMDAwMDAsImRlbGV0ZSI6OTAwMDAwMDAwMDAwfSwic2NoZW1hX3ZlcnNpb24iOiIxIn0=",
          "dependencies": [
            "module.vpc.aws_vpc.this",
            "random_id.id"
          ],
          "create_before_destroy": true
        }
      ]
    },
    {
      "module": "module.mgmt-network-security-group",
      "mode": "managed",
      "type": "aws_security_group_rule",
      "name": "egress_rules",
      "provider": "provider[\"registry.terraform.io/hashicorp/aws\"]",
      "instances": [
        {
          "index_key": 0,
          "schema_version": 2,
          "attributes": {
            "cidr_blocks": [
              "0.0.0.0/0"
            ],
            "description": "All protocols",
            "from_port": -1,
            "id": "sgrule-1904064441",
            "ipv6_cidr_blocks": [
              "::/0"
            ],
            "prefix_list_ids": [],
            "protocol": "-1",
            "security_group_id": "sg-049c93f65d427639a",
            "self": false,
            "source_security_group_id": null,
            "to_port": -1,
            "type": "egress"
          },
          "sensitive_attributes": [],
          "private": "eyJzY2hlbWFfdmVyc2lvbiI6IjIifQ==",
          "dependencies": [
            "module.mgmt-network-security-group.aws_security_group.this",
            "module.mgmt-network-security-group.aws_security_group.this_name_prefix",
            "module.vpc.aws_vpc.this",
            "random_id.id"
          ]
        }
      ]
    },
    {
      "module": "module.mgmt-network-security-group",
      "mode": "managed",
      "type": "aws_security_group_rule",
      "name": "ingress_rules",
      "provider": "provider[\"registry.terraform.io/hashicorp/aws\"]",
      "instances": [
        {
          "index_key": 0,
          "schema_version": 2,
          "attributes": {
            "cidr_blocks": [
              "0.0.0.0/0"
            ],
            "description": "HTTPS",
            "from_port": 443,
            "id": "sgrule-3460192484",
            "ipv6_cidr_blocks": [],
            "prefix_list_ids": [],
            "protocol": "tcp",
            "security_group_id": "sg-049c93f65d427639a",
            "self": false,
            "source_security_group_id": null,
            "to_port": 443,
            "type": "ingress"
          },
          "sensitive_attributes": [],
          "private": "eyJzY2hlbWFfdmVyc2lvbiI6IjIifQ==",
          "dependencies": [
            "module.mgmt-network-security-group.aws_security_group.this",
            "module.mgmt-network-security-group.aws_security_group.this_name_prefix",
            "module.vpc.aws_vpc.this",
            "random_id.id"
          ]
        },
        {
          "index_key": 1,
          "schema_version": 2,
          "attributes": {
            "cidr_blocks": [
              "0.0.0.0/0"
            ],
            "description": "HTTPS",
            "from_port": 8443,
            "id": "sgrule-4260877407",
            "ipv6_cidr_blocks": [],
            "prefix_list_ids": [],
            "protocol": "tcp",
            "security_group_id": "sg-049c93f65d427639a",
            "self": false,
            "source_security_group_id": null,
            "to_port": 8443,
            "type": "ingress"
          },
          "sensitive_attributes": [],
          "private": "eyJzY2hlbWFfdmVyc2lvbiI6IjIifQ==",
          "dependencies": [
            "module.mgmt-network-security-group.aws_security_group.this",
            "module.mgmt-network-security-group.aws_security_group.this_name_prefix",
            "module.vpc.aws_vpc.this",
            "random_id.id"
          ]
        },
        {
          "index_key": 2,
          "schema_version": 2,
          "attributes": {
            "cidr_blocks": [
              "0.0.0.0/0"
            ],
            "description": "SSH",
            "from_port": 22,
            "id": "sgrule-2231902922",
            "ipv6_cidr_blocks": [],
            "prefix_list_ids": [],
            "protocol": "tcp",
            "security_group_id": "sg-049c93f65d427639a",
            "self": false,
            "source_security_group_id": null,
            "to_port": 22,
            "type": "ingress"
          },
          "sensitive_attributes": [],
          "private": "eyJzY2hlbWFfdmVyc2lvbiI6IjIifQ==",
          "dependencies": [
            "module.mgmt-network-security-group.aws_security_group.this",
            "module.mgmt-network-security-group.aws_security_group.this_name_prefix",
            "module.vpc.aws_vpc.this",
            "random_id.id"
          ]
        }
      ]
    },
    {
      "module": "module.vpc",
      "mode": "managed",
      "type": "aws_vpc",
      "name": "this",
      "provider": "provider[\"registry.terraform.io/hashicorp/aws\"]",
      "instances": [
        {
          "index_key": 0,
          "schema_version": 1,
          "attributes": {
            "arn": "arn:aws:ec2:us-west-2:793515189053:vpc/vpc-07c65b8d9601d819d",
            "assign_generated_ipv6_cidr_block": false,
            "cidr_block": "10.0.0.0/16",
            "default_network_acl_id": "acl-0d76f95b7beedad12",
            "default_route_table_id": "rtb-0626a3ef5cab483c3",
            "default_security_group_id": "sg-0721f9b56ceb91124",
            "dhcp_options_id": "dopt-91b207e8",
            "enable_classiclink": false,
            "enable_classiclink_dns_support": false,
            "enable_dns_hostnames": true,
            "enable_dns_support": true,
            "id": "vpc-07c65b8d9601d819d",
            "instance_tenancy": "default",
            "ipv6_association_id": "",
            "ipv6_cidr_block": "",
            "main_route_table_id": "rtb-0626a3ef5cab483c3",
            "owner_id": "793515189053",
            "tags": {
              "Environment": "dev",
              "Name": "tf-aws-bigip-vpc-a938",
              "Terraform": "true"
            },
            "tags_all": {
              "Environment": "dev",
              "Name": "tf-aws-bigip-vpc-a938",
              "Terraform": "true"
            }
          },
          "sensitive_attributes": [],
          "private": "eyJzY2hlbWFfdmVyc2lvbiI6IjEifQ==",
          "dependencies": [
            "random_id.id"
          ],
          "create_before_destroy": true
        }
      ]
    }
  ]
}
